Microsoft Visual Studio Solution File, Format Version 8.00
Project("{8BC9CEB8-8B4A-11D0-8D11-00A0C91BC942}") = "generic", "..\generic\generic.vcproj", "{182C8E54-CA3F-4F9B-B220-7703EBB9AAAB}"
	ProjectSection(ProjectDependencies) = postProject
	EndProjectSection
EndProject
Project("{8BC9CEB8-8B4A-11D0-8D11-00A0C91BC942}") = "English", "..\English\English.vcproj", "{B91C4720-93C5-41ED-9F67-4D55F3A65417}"
	ProjectSection(ProjectDependencies) = postProject
	EndProjectSection
EndProject
Project("{8BC9CEB8-8B4A-11D0-8D11-00A0C91BC942}") = "Arabic", "..\Arabic\Arabic.vcproj", "{0DB1B5B4-7BF2-4FE9-83D2-A464E3C6F88F}"
	ProjectSection(ProjectDependencies) = postProject
	EndProjectSection
EndProject
Project("{8BC9CEB8-8B4A-11D0-8D11-00A0C91BC942}") = "Chinese", "..\Chinese\Chinese.vcproj", "{97303760-F2B7-4625-AC8E-34A5395DBB79}"
	ProjectSection(ProjectDependencies) = postProject
	EndProjectSection
EndProject
Project("{8BC9CEB8-8B4A-11D0-8D11-00A0C91BC942}") = "Preprocessor", "Preprocessor.vcproj", "{51C3C3A4-658F-4F02-BB9E-3807B882613F}"
	ProjectSection(ProjectDependencies) = postProject
		{182C8E54-CA3F-4F9B-B220-7703EBB9AAAB} = {182C8E54-CA3F-4F9B-B220-7703EBB9AAAB}
	EndProjectSection
EndProject
Global
	GlobalSection(SourceCodeControl) = preSolution
		SccNumberOfProjects = 4
		SccProjectUniqueName0 = ..\\generic\\generic.vcproj
		SccProjectName0 = \u0022$/applications/Serif/src\u0022,\u0020AJLCAAAA
		SccLocalPath0 = ..
		SccProvider0 = MSSCCI:Microsoft\u0020Visual\u0020SourceSafe
		CanCheckoutShared = true
		SccProjectFilePathRelativizedFromConnection0 = generic\\
		SccProjectUniqueName1 = ..\\English\\English.vcproj
		SccProjectName1 = \u0022$/applications/Serif/src\u0022,\u0020AJLCAAAA
		SccLocalPath1 = ..
		SccProvider1 = MSSCCI:Microsoft\u0020Visual\u0020SourceSafe
		CanCheckoutShared = true
		SccProjectFilePathRelativizedFromConnection1 = English\\
		SccProjectUniqueName2 = ..\\Arabic\\Arabic.vcproj
		SccProjectName2 = \u0022$/applications/Serif/src\u0022,\u0020AJLCAAAA
		SccLocalPath2 = ..
		SccProvider2 = MSSCCI:Microsoft\u0020Visual\u0020SourceSafe
		CanCheckoutShared = true
		SccProjectFilePathRelativizedFromConnection2 = Arabic\\
		SccProjectUniqueName3 = ..\\Chinese\\Chinese.vcproj
		SccProjectName3 = \u0022$/applications/Serif/src\u0022,\u0020AJLCAAAA
		SccLocalPath3 = ..
		SccProvider3 = MSSCCI:Microsoft\u0020Visual\u0020SourceSafe
		CanCheckoutShared = true
		SccProjectFilePathRelativizedFromConnection3 = Chinese\\
	EndGlobalSection
	GlobalSection(SolutionConfiguration) = preSolution
		Arabic_Debug = Arabic_Debug
		Arabic_Release = Arabic_Release
		Arabic_Unoptimized = Arabic_Unoptimized
		Bengali_Release = Bengali_Release
		CA_Arabic_Debug = CA_Arabic_Debug
		CA_Arabic_Release = CA_Arabic_Release
		CA_Chinese_Debug = CA_Chinese_Debug
		CA_Chinese_Release = CA_Chinese_Release
		CA_Debug = CA_Debug
		CA_English_Debug = CA_English_Debug
		CA_English_Release = CA_English_Release
		CA_Release = CA_Release
		Chinese_Debug = Chinese_Debug
		Chinese_Release = Chinese_Release
		Debug = Debug
		Debug_SingleThreaded = Debug_SingleThreaded
		EMC_English_Debug = EMC_English_Debug
		EMC_English_Release = EMC_English_Release
		English_Debug = English_Debug
		English_Debug_SingleThreaded = English_Debug_SingleThreaded
		English_Release = English_Release
		English_Release_SingleThreaded = English_Release_SingleThreaded
		English_Unoptimized = English_Unoptimized
		English_Unoptimized_SingleThreaded = English_Unoptimized_SingleThreaded
		Hindi_Debug = Hindi_Debug
		Hindi_Release = Hindi_Release
		Release = Release
		Release_SingleThreaded = Release_SingleThreaded
		Thai_Debug = Thai_Debug
		Thai_Release = Thai_Release
		Unoptimized = Unoptimized
		Unoptimized_SingleThreaded = Unoptimized_SingleThreaded
		Unspecified_Language_Debug = Unspecified_Language_Debug
		Unspecified_Language_Release = Unspecified_Language_Release
	EndGlobalSection
	GlobalSection(ProjectConfiguration) = postSolution
		{182C8E54-CA3F-4F9B-B220-7703EBB9AAAB}.Arabic_Debug.ActiveCfg = Arabic_Debug|Win32
		{182C8E54-CA3F-4F9B-B220-7703EBB9AAAB}.Arabic_Debug.Build.0 = Arabic_Debug|Win32
		{182C8E54-CA3F-4F9B-B220-7703EBB9AAAB}.Arabic_Release.ActiveCfg = Arabic_Release|Win32
		{182C8E54-CA3F-4F9B-B220-7703EBB9AAAB}.Arabic_Release.Build.0 = Arabic_Release|Win32
		{182C8E54-CA3F-4F9B-B220-7703EBB9AAAB}.Arabic_Unoptimized.ActiveCfg = Arabic_Unoptimized|Win32
		{182C8E54-CA3F-4F9B-B220-7703EBB9AAAB}.Arabic_Unoptimized.Build.0 = Arabic_Unoptimized|Win32
		{182C8E54-CA3F-4F9B-B220-7703EBB9AAAB}.Bengali_Release.ActiveCfg = Bengali_Release|Win32
		{182C8E54-CA3F-4F9B-B220-7703EBB9AAAB}.Bengali_Release.Build.0 = Bengali_Release|Win32
		{182C8E54-CA3F-4F9B-B220-7703EBB9AAAB}.CA_Arabic_Debug.ActiveCfg = CA_Arabic_Debug|Win32
		{182C8E54-CA3F-4F9B-B220-7703EBB9AAAB}.CA_Arabic_Debug.Build.0 = CA_Arabic_Debug|Win32
		{182C8E54-CA3F-4F9B-B220-7703EBB9AAAB}.CA_Arabic_Release.ActiveCfg = CA_Arabic_Release|Win32
		{182C8E54-CA3F-4F9B-B220-7703EBB9AAAB}.CA_Arabic_Release.Build.0 = CA_Arabic_Release|Win32
		{182C8E54-CA3F-4F9B-B220-7703EBB9AAAB}.CA_Chinese_Debug.ActiveCfg = CA_Chinese_Debug|Win32
		{182C8E54-CA3F-4F9B-B220-7703EBB9AAAB}.CA_Chinese_Debug.Build.0 = CA_Chinese_Debug|Win32
		{182C8E54-CA3F-4F9B-B220-7703EBB9AAAB}.CA_Chinese_Release.ActiveCfg = CA_Chinese_Release|Win32
		{182C8E54-CA3F-4F9B-B220-7703EBB9AAAB}.CA_Chinese_Release.Build.0 = CA_Chinese_Release|Win32
		{182C8E54-CA3F-4F9B-B220-7703EBB9AAAB}.CA_Debug.ActiveCfg = CA_Arabic_Debug|Win32
		{182C8E54-CA3F-4F9B-B220-7703EBB9AAAB}.CA_Debug.Build.0 = CA_Arabic_Debug|Win32
		{182C8E54-CA3F-4F9B-B220-7703EBB9AAAB}.CA_English_Debug.ActiveCfg = CA_English_Debug|Win32
		{182C8E54-CA3F-4F9B-B220-7703EBB9AAAB}.CA_English_Debug.Build.0 = CA_English_Debug|Win32
		{182C8E54-CA3F-4F9B-B220-7703EBB9AAAB}.CA_English_Release.ActiveCfg = CA_English_Release|Win32
		{182C8E54-CA3F-4F9B-B220-7703EBB9AAAB}.CA_English_Release.Build.0 = CA_English_Release|Win32
		{182C8E54-CA3F-4F9B-B220-7703EBB9AAAB}.CA_Release.ActiveCfg = CA_Arabic_Debug|Win32
		{182C8E54-CA3F-4F9B-B220-7703EBB9AAAB}.CA_Release.Build.0 = CA_Arabic_Debug|Win32
		{182C8E54-CA3F-4F9B-B220-7703EBB9AAAB}.Chinese_Debug.ActiveCfg = Chinese_Debug|Win32
		{182C8E54-CA3F-4F9B-B220-7703EBB9AAAB}.Chinese_Debug.Build.0 = Chinese_Debug|Win32
		{182C8E54-CA3F-4F9B-B220-7703EBB9AAAB}.Chinese_Release.ActiveCfg = Chinese_Release|Win32
		{182C8E54-CA3F-4F9B-B220-7703EBB9AAAB}.Chinese_Release.Build.0 = Chinese_Release|Win32
		{182C8E54-CA3F-4F9B-B220-7703EBB9AAAB}.Debug.ActiveCfg = English_Debug|Win32
		{182C8E54-CA3F-4F9B-B220-7703EBB9AAAB}.Debug.Build.0 = English_Debug|Win32
		{182C8E54-CA3F-4F9B-B220-7703EBB9AAAB}.Debug_SingleThreaded.ActiveCfg = English_Debug_SingleThreaded|Win32
		{182C8E54-CA3F-4F9B-B220-7703EBB9AAAB}.Debug_SingleThreaded.Build.0 = English_Debug_SingleThreaded|Win32
		{182C8E54-CA3F-4F9B-B220-7703EBB9AAAB}.EMC_English_Debug.ActiveCfg = EMC_English_Debug|Win32
		{182C8E54-CA3F-4F9B-B220-7703EBB9AAAB}.EMC_English_Debug.Build.0 = EMC_English_Debug|Win32
		{182C8E54-CA3F-4F9B-B220-7703EBB9AAAB}.EMC_English_Release.ActiveCfg = EMC_English_Release|Win32
		{182C8E54-CA3F-4F9B-B220-7703EBB9AAAB}.EMC_English_Release.Build.0 = EMC_English_Release|Win32
		{182C8E54-CA3F-4F9B-B220-7703EBB9AAAB}.English_Debug.ActiveCfg = English_Debug|Win32
		{182C8E54-CA3F-4F9B-B220-7703EBB9AAAB}.English_Debug.Build.0 = English_Debug|Win32
		{182C8E54-CA3F-4F9B-B220-7703EBB9AAAB}.English_Debug_SingleThreaded.ActiveCfg = English_Debug_SingleThreaded|Win32
		{182C8E54-CA3F-4F9B-B220-7703EBB9AAAB}.English_Debug_SingleThreaded.Build.0 = English_Debug_SingleThreaded|Win32
		{182C8E54-CA3F-4F9B-B220-7703EBB9AAAB}.English_Release.ActiveCfg = English_Release|Win32
		{182C8E54-CA3F-4F9B-B220-7703EBB9AAAB}.English_Release.Build.0 = English_Release|Win32
		{182C8E54-CA3F-4F9B-B220-7703EBB9AAAB}.English_Release_SingleThreaded.ActiveCfg = English_Release_SingleThreaded|Win32
		{182C8E54-CA3F-4F9B-B220-7703EBB9AAAB}.English_Release_SingleThreaded.Build.0 = English_Release_SingleThreaded|Win32
		{182C8E54-CA3F-4F9B-B220-7703EBB9AAAB}.English_Unoptimized.ActiveCfg = English_Unoptimized|Win32
		{182C8E54-CA3F-4F9B-B220-7703EBB9AAAB}.English_Unoptimized.Build.0 = English_Unoptimized|Win32
		{182C8E54-CA3F-4F9B-B220-7703EBB9AAAB}.English_Unoptimized_SingleThreaded.ActiveCfg = English_Unoptimized_SingleThreaded|Win32
		{182C8E54-CA3F-4F9B-B220-7703EBB9AAAB}.English_Unoptimized_SingleThreaded.Build.0 = English_Unoptimized_SingleThreaded|Win32
		{182C8E54-CA3F-4F9B-B220-7703EBB9AAAB}.Hindi_Debug.ActiveCfg = Hindi_Debug|Win32
		{182C8E54-CA3F-4F9B-B220-7703EBB9AAAB}.Hindi_Debug.Build.0 = Hindi_Debug|Win32
		{182C8E54-CA3F-4F9B-B220-7703EBB9AAAB}.Hindi_Release.ActiveCfg = Hindi_Release|Win32
		{182C8E54-CA3F-4F9B-B220-7703EBB9AAAB}.Hindi_Release.Build.0 = Hindi_Release|Win32
		{182C8E54-CA3F-4F9B-B220-7703EBB9AAAB}.Release.ActiveCfg = English_Release|Win32
		{182C8E54-CA3F-4F9B-B220-7703EBB9AAAB}.Release.Build.0 = English_Release|Win32
		{182C8E54-CA3F-4F9B-B220-7703EBB9AAAB}.Release_SingleThreaded.ActiveCfg = English_Release_SingleThreaded|Win32
		{182C8E54-CA3F-4F9B-B220-7703EBB9AAAB}.Release_SingleThreaded.Build.0 = English_Release_SingleThreaded|Win32
		{182C8E54-CA3F-4F9B-B220-7703EBB9AAAB}.Thai_Debug.ActiveCfg = Thai_Debug|Win32
		{182C8E54-CA3F-4F9B-B220-7703EBB9AAAB}.Thai_Debug.Build.0 = Thai_Debug|Win32
		{182C8E54-CA3F-4F9B-B220-7703EBB9AAAB}.Thai_Release.ActiveCfg = Thai_Release|Win32
		{182C8E54-CA3F-4F9B-B220-7703EBB9AAAB}.Thai_Release.Build.0 = Thai_Release|Win32
		{182C8E54-CA3F-4F9B-B220-7703EBB9AAAB}.Unoptimized.ActiveCfg = English_Unoptimized_SingleThreaded|Win32
		{182C8E54-CA3F-4F9B-B220-7703EBB9AAAB}.Unoptimized.Build.0 = English_Unoptimized_SingleThreaded|Win32
		{182C8E54-CA3F-4F9B-B220-7703EBB9AAAB}.Unoptimized_SingleThreaded.ActiveCfg = English_Unoptimized_SingleThreaded|Win32
		{182C8E54-CA3F-4F9B-B220-7703EBB9AAAB}.Unoptimized_SingleThreaded.Build.0 = English_Unoptimized_SingleThreaded|Win32
		{182C8E54-CA3F-4F9B-B220-7703EBB9AAAB}.Unspecified_Language_Debug.ActiveCfg = Unspecified_Language_Debug|Win32
		{182C8E54-CA3F-4F9B-B220-7703EBB9AAAB}.Unspecified_Language_Debug.Build.0 = Unspecified_Language_Debug|Win32
		{182C8E54-CA3F-4F9B-B220-7703EBB9AAAB}.Unspecified_Language_Release.ActiveCfg = Unspecified_Language_Release|Win32
		{182C8E54-CA3F-4F9B-B220-7703EBB9AAAB}.Unspecified_Language_Release.Build.0 = Unspecified_Language_Release|Win32
		{B91C4720-93C5-41ED-9F67-4D55F3A65417}.Arabic_Debug.ActiveCfg = Debug|Win32
		{B91C4720-93C5-41ED-9F67-4D55F3A65417}.Arabic_Release.ActiveCfg = Release|Win32
		{B91C4720-93C5-41ED-9F67-4D55F3A65417}.Arabic_Unoptimized.ActiveCfg = Unoptimized|Win32
		{B91C4720-93C5-41ED-9F67-4D55F3A65417}.Arabic_Unoptimized.Build.0 = Unoptimized|Win32
		{B91C4720-93C5-41ED-9F67-4D55F3A65417}.Bengali_Release.ActiveCfg = Release|Win32
		{B91C4720-93C5-41ED-9F67-4D55F3A65417}.Bengali_Release.Build.0 = Release|Win32
		{B91C4720-93C5-41ED-9F67-4D55F3A65417}.CA_Arabic_Debug.ActiveCfg = Debug|Win32
		{B91C4720-93C5-41ED-9F67-4D55F3A65417}.CA_Arabic_Debug.Build.0 = Debug|Win32
		{B91C4720-93C5-41ED-9F67-4D55F3A65417}.CA_Arabic_Release.ActiveCfg = Release|Win32
		{B91C4720-93C5-41ED-9F67-4D55F3A65417}.CA_Arabic_Release.Build.0 = Release|Win32
		{B91C4720-93C5-41ED-9F67-4D55F3A65417}.CA_Chinese_Debug.ActiveCfg = Debug|Win32
		{B91C4720-93C5-41ED-9F67-4D55F3A65417}.CA_Chinese_Debug.Build.0 = Debug|Win32
		{B91C4720-93C5-41ED-9F67-4D55F3A65417}.CA_Chinese_Release.ActiveCfg = Release|Win32
		{B91C4720-93C5-41ED-9F67-4D55F3A65417}.CA_Chinese_Release.Build.0 = Release|Win32
		{B91C4720-93C5-41ED-9F67-4D55F3A65417}.CA_Debug.ActiveCfg = CA_Debug|Win32
		{B91C4720-93C5-41ED-9F67-4D55F3A65417}.CA_Debug.Build.0 = CA_Debug|Win32
		{B91C4720-93C5-41ED-9F67-4D55F3A65417}.CA_English_Debug.ActiveCfg = Debug|Win32
		{B91C4720-93C5-41ED-9F67-4D55F3A65417}.CA_English_Debug.Build.0 = Debug|Win32
		{B91C4720-93C5-41ED-9F67-4D55F3A65417}.CA_English_Release.ActiveCfg = Release|Win32
		{B91C4720-93C5-41ED-9F67-4D55F3A65417}.CA_English_Release.Build.0 = Release|Win32
		{B91C4720-93C5-41ED-9F67-4D55F3A65417}.CA_Release.ActiveCfg = CA_Release|Win32
		{B91C4720-93C5-41ED-9F67-4D55F3A65417}.CA_Release.Build.0 = CA_Release|Win32
		{B91C4720-93C5-41ED-9F67-4D55F3A65417}.Chinese_Debug.ActiveCfg = Debug|Win32
		{B91C4720-93C5-41ED-9F67-4D55F3A65417}.Chinese_Release.ActiveCfg = Release|Win32
		{B91C4720-93C5-41ED-9F67-4D55F3A65417}.Debug.ActiveCfg = Debug|Win32
		{B91C4720-93C5-41ED-9F67-4D55F3A65417}.Debug.Build.0 = Debug|Win32
		{B91C4720-93C5-41ED-9F67-4D55F3A65417}.Debug_SingleThreaded.ActiveCfg = Debug_SingleThreaded|Win32
		{B91C4720-93C5-41ED-9F67-4D55F3A65417}.Debug_SingleThreaded.Build.0 = Debug_SingleThreaded|Win32
		{B91C4720-93C5-41ED-9F67-4D55F3A65417}.EMC_English_Debug.ActiveCfg = Debug|Win32
		{B91C4720-93C5-41ED-9F67-4D55F3A65417}.EMC_English_Debug.Build.0 = Debug|Win32
		{B91C4720-93C5-41ED-9F67-4D55F3A65417}.EMC_English_Release.ActiveCfg = Release|Win32
		{B91C4720-93C5-41ED-9F67-4D55F3A65417}.EMC_English_Release.Build.0 = Release|Win32
		{B91C4720-93C5-41ED-9F67-4D55F3A65417}.English_Debug.ActiveCfg = Debug|Win32
		{B91C4720-93C5-41ED-9F67-4D55F3A65417}.English_Debug.Build.0 = Debug|Win32
		{B91C4720-93C5-41ED-9F67-4D55F3A65417}.English_Debug_SingleThreaded.ActiveCfg = Debug_SingleThreaded|Win32
		{B91C4720-93C5-41ED-9F67-4D55F3A65417}.English_Debug_SingleThreaded.Build.0 = Debug_SingleThreaded|Win32
		{B91C4720-93C5-41ED-9F67-4D55F3A65417}.English_Release.ActiveCfg = Release|Win32
		{B91C4720-93C5-41ED-9F67-4D55F3A65417}.English_Release.Build.0 = Release|Win32
		{B91C4720-93C5-41ED-9F67-4D55F3A65417}.English_Release_SingleThreaded.ActiveCfg = Release_SingleThreaded|Win32
		{B91C4720-93C5-41ED-9F67-4D55F3A65417}.English_Release_SingleThreaded.Build.0 = Release_SingleThreaded|Win32
		{B91C4720-93C5-41ED-9F67-4D55F3A65417}.English_Unoptimized.ActiveCfg = Unoptimized|Win32
		{B91C4720-93C5-41ED-9F67-4D55F3A65417}.English_Unoptimized.Build.0 = Unoptimized|Win32
		{B91C4720-93C5-41ED-9F67-4D55F3A65417}.English_Unoptimized_SingleThreaded.ActiveCfg = Unoptimized_SingleThreaded|Win32
		{B91C4720-93C5-41ED-9F67-4D55F3A65417}.English_Unoptimized_SingleThreaded.Build.0 = Unoptimized_SingleThreaded|Win32
		{B91C4720-93C5-41ED-9F67-4D55F3A65417}.Hindi_Debug.ActiveCfg = Debug|Win32
		{B91C4720-93C5-41ED-9F67-4D55F3A65417}.Hindi_Debug.Build.0 = Debug|Win32
		{B91C4720-93C5-41ED-9F67-4D55F3A65417}.Hindi_Release.ActiveCfg = Release|Win32
		{B91C4720-93C5-41ED-9F67-4D55F3A65417}.Hindi_Release.Build.0 = Release|Win32
		{B91C4720-93C5-41ED-9F67-4D55F3A65417}.Release.ActiveCfg = Release|Win32
		{B91C4720-93C5-41ED-9F67-4D55F3A65417}.Release.Build.0 = Release|Win32
		{B91C4720-93C5-41ED-9F67-4D55F3A65417}.Release_SingleThreaded.ActiveCfg = Release_SingleThreaded|Win32
		{B91C4720-93C5-41ED-9F67-4D55F3A65417}.Release_SingleThreaded.Build.0 = Release_SingleThreaded|Win32
		{B91C4720-93C5-41ED-9F67-4D55F3A65417}.Thai_Debug.ActiveCfg = Debug|Win32
		{B91C4720-93C5-41ED-9F67-4D55F3A65417}.Thai_Debug.Build.0 = Debug|Win32
		{B91C4720-93C5-41ED-9F67-4D55F3A65417}.Thai_Release.ActiveCfg = Release|Win32
		{B91C4720-93C5-41ED-9F67-4D55F3A65417}.Thai_Release.Build.0 = Release|Win32
		{B91C4720-93C5-41ED-9F67-4D55F3A65417}.Unoptimized.ActiveCfg = Unoptimized|Win32
		{B91C4720-93C5-41ED-9F67-4D55F3A65417}.Unoptimized.Build.0 = Unoptimized|Win32
		{B91C4720-93C5-41ED-9F67-4D55F3A65417}.Unoptimized_SingleThreaded.ActiveCfg = Unoptimized_SingleThreaded|Win32
		{B91C4720-93C5-41ED-9F67-4D55F3A65417}.Unoptimized_SingleThreaded.Build.0 = Unoptimized_SingleThreaded|Win32
		{B91C4720-93C5-41ED-9F67-4D55F3A65417}.Unspecified_Language_Debug.ActiveCfg = Debug|Win32
		{B91C4720-93C5-41ED-9F67-4D55F3A65417}.Unspecified_Language_Debug.Build.0 = Debug|Win32
		{B91C4720-93C5-41ED-9F67-4D55F3A65417}.Unspecified_Language_Release.ActiveCfg = Release|Win32
		{B91C4720-93C5-41ED-9F67-4D55F3A65417}.Unspecified_Language_Release.Build.0 = Release|Win32
		{0DB1B5B4-7BF2-4FE9-83D2-A464E3C6F88F}.Arabic_Debug.ActiveCfg = Debug|Win32
		{0DB1B5B4-7BF2-4FE9-83D2-A464E3C6F88F}.Arabic_Debug.Build.0 = Debug|Win32
		{0DB1B5B4-7BF2-4FE9-83D2-A464E3C6F88F}.Arabic_Release.ActiveCfg = Release|Win32
		{0DB1B5B4-7BF2-4FE9-83D2-A464E3C6F88F}.Arabic_Release.Build.0 = Release|Win32
		{0DB1B5B4-7BF2-4FE9-83D2-A464E3C6F88F}.Arabic_Unoptimized.ActiveCfg = Unoptimized|Win32
		{0DB1B5B4-7BF2-4FE9-83D2-A464E3C6F88F}.Arabic_Unoptimized.Build.0 = Unoptimized|Win32
		{0DB1B5B4-7BF2-4FE9-83D2-A464E3C6F88F}.Bengali_Release.ActiveCfg = Release|Win32
		{0DB1B5B4-7BF2-4FE9-83D2-A464E3C6F88F}.Bengali_Release.Build.0 = Release|Win32
		{0DB1B5B4-7BF2-4FE9-83D2-A464E3C6F88F}.CA_Arabic_Debug.ActiveCfg = Debug|Win32
		{0DB1B5B4-7BF2-4FE9-83D2-A464E3C6F88F}.CA_Arabic_Debug.Build.0 = Debug|Win32
		{0DB1B5B4-7BF2-4FE9-83D2-A464E3C6F88F}.CA_Arabic_Release.ActiveCfg = Release|Win32
		{0DB1B5B4-7BF2-4FE9-83D2-A464E3C6F88F}.CA_Arabic_Release.Build.0 = Release|Win32
		{0DB1B5B4-7BF2-4FE9-83D2-A464E3C6F88F}.CA_Chinese_Debug.ActiveCfg = Debug|Win32
		{0DB1B5B4-7BF2-4FE9-83D2-A464E3C6F88F}.CA_Chinese_Debug.Build.0 = Debug|Win32
		{0DB1B5B4-7BF2-4FE9-83D2-A464E3C6F88F}.CA_Chinese_Release.ActiveCfg = Release|Win32
		{0DB1B5B4-7BF2-4FE9-83D2-A464E3C6F88F}.CA_Chinese_Release.Build.0 = Release|Win32
		{0DB1B5B4-7BF2-4FE9-83D2-A464E3C6F88F}.CA_Debug.ActiveCfg = CA_Debug|Win32
		{0DB1B5B4-7BF2-4FE9-83D2-A464E3C6F88F}.CA_Debug.Build.0 = CA_Debug|Win32
		{0DB1B5B4-7BF2-4FE9-83D2-A464E3C6F88F}.CA_English_Debug.ActiveCfg = Debug|Win32
		{0DB1B5B4-7BF2-4FE9-83D2-A464E3C6F88F}.CA_English_Debug.Build.0 = Debug|Win32
		{0DB1B5B4-7BF2-4FE9-83D2-A464E3C6F88F}.CA_English_Release.ActiveCfg = Release|Win32
		{0DB1B5B4-7BF2-4FE9-83D2-A464E3C6F88F}.CA_English_Release.Build.0 = Release|Win32
		{0DB1B5B4-7BF2-4FE9-83D2-A464E3C6F88F}.CA_Release.ActiveCfg = CA_Release|Win32
		{0DB1B5B4-7BF2-4FE9-83D2-A464E3C6F88F}.CA_Release.Build.0 = CA_Release|Win32
		{0DB1B5B4-7BF2-4FE9-83D2-A464E3C6F88F}.Chinese_Debug.ActiveCfg = Debug|Win32
		{0DB1B5B4-7BF2-4FE9-83D2-A464E3C6F88F}.Chinese_Release.ActiveCfg = Release|Win32
		{0DB1B5B4-7BF2-4FE9-83D2-A464E3C6F88F}.Debug.ActiveCfg = Debug|Win32
		{0DB1B5B4-7BF2-4FE9-83D2-A464E3C6F88F}.Debug.Build.0 = Debug|Win32
		{0DB1B5B4-7BF2-4FE9-83D2-A464E3C6F88F}.Debug_SingleThreaded.ActiveCfg = Debug|Win32
		{0DB1B5B4-7BF2-4FE9-83D2-A464E3C6F88F}.Debug_SingleThreaded.Build.0 = Debug|Win32
		{0DB1B5B4-7BF2-4FE9-83D2-A464E3C6F88F}.EMC_English_Debug.ActiveCfg = Debug|Win32
		{0DB1B5B4-7BF2-4FE9-83D2-A464E3C6F88F}.EMC_English_Debug.Build.0 = Debug|Win32
		{0DB1B5B4-7BF2-4FE9-83D2-A464E3C6F88F}.EMC_English_Release.ActiveCfg = Release|Win32
		{0DB1B5B4-7BF2-4FE9-83D2-A464E3C6F88F}.EMC_English_Release.Build.0 = Release|Win32
		{0DB1B5B4-7BF2-4FE9-83D2-A464E3C6F88F}.English_Debug.ActiveCfg = Debug|Win32
		{0DB1B5B4-7BF2-4FE9-83D2-A464E3C6F88F}.English_Debug_SingleThreaded.ActiveCfg = Debug|Win32
		{0DB1B5B4-7BF2-4FE9-83D2-A464E3C6F88F}.English_Debug_SingleThreaded.Build.0 = Debug|Win32
		{0DB1B5B4-7BF2-4FE9-83D2-A464E3C6F88F}.English_Release.ActiveCfg = Release|Win32
		{0DB1B5B4-7BF2-4FE9-83D2-A464E3C6F88F}.English_Release_SingleThreaded.ActiveCfg = Release|Win32
		{0DB1B5B4-7BF2-4FE9-83D2-A464E3C6F88F}.English_Release_SingleThreaded.Build.0 = Release|Win32
		{0DB1B5B4-7BF2-4FE9-83D2-A464E3C6F88F}.English_Unoptimized.ActiveCfg = Unoptimized|Win32
		{0DB1B5B4-7BF2-4FE9-83D2-A464E3C6F88F}.English_Unoptimized.Build.0 = Unoptimized|Win32
		{0DB1B5B4-7BF2-4FE9-83D2-A464E3C6F88F}.English_Unoptimized_SingleThreaded.ActiveCfg = Unoptimized|Win32
		{0DB1B5B4-7BF2-4FE9-83D2-A464E3C6F88F}.English_Unoptimized_SingleThreaded.Build.0 = Unoptimized|Win32
		{0DB1B5B4-7BF2-4FE9-83D2-A464E3C6F88F}.Hindi_Debug.ActiveCfg = Debug|Win32
		{0DB1B5B4-7BF2-4FE9-83D2-A464E3C6F88F}.Hindi_Debug.Build.0 = Debug|Win32
		{0DB1B5B4-7BF2-4FE9-83D2-A464E3C6F88F}.Hindi_Release.ActiveCfg = Release|Win32
		{0DB1B5B4-7BF2-4FE9-83D2-A464E3C6F88F}.Hindi_Release.Build.0 = Release|Win32
		{0DB1B5B4-7BF2-4FE9-83D2-A464E3C6F88F}.Release.ActiveCfg = Release|Win32
		{0DB1B5B4-7BF2-4FE9-83D2-A464E3C6F88F}.Release.Build.0 = Release|Win32
		{0DB1B5B4-7BF2-4FE9-83D2-A464E3C6F88F}.Release_SingleThreaded.ActiveCfg = Release|Win32
		{0DB1B5B4-7BF2-4FE9-83D2-A464E3C6F88F}.Release_SingleThreaded.Build.0 = Release|Win32
		{0DB1B5B4-7BF2-4FE9-83D2-A464E3C6F88F}.Thai_Debug.ActiveCfg = Debug|Win32
		{0DB1B5B4-7BF2-4FE9-83D2-A464E3C6F88F}.Thai_Debug.Build.0 = Debug|Win32
		{0DB1B5B4-7BF2-4FE9-83D2-A464E3C6F88F}.Thai_Release.ActiveCfg = Release|Win32
		{0DB1B5B4-7BF2-4FE9-83D2-A464E3C6F88F}.Thai_Release.Build.0 = Release|Win32
		{0DB1B5B4-7BF2-4FE9-83D2-A464E3C6F88F}.Unoptimized.ActiveCfg = Unoptimized|Win32
		{0DB1B5B4-7BF2-4FE9-83D2-A464E3C6F88F}.Unoptimized.Build.0 = Unoptimized|Win32
		{0DB1B5B4-7BF2-4FE9-83D2-A464E3C6F88F}.Unoptimized_SingleThreaded.ActiveCfg = Unoptimized|Win32
		{0DB1B5B4-7BF2-4FE9-83D2-A464E3C6F88F}.Unoptimized_SingleThreaded.Build.0 = Unoptimized|Win32
		{0DB1B5B4-7BF2-4FE9-83D2-A464E3C6F88F}.Unspecified_Language_Debug.ActiveCfg = Debug|Win32
		{0DB1B5B4-7BF2-4FE9-83D2-A464E3C6F88F}.Unspecified_Language_Debug.Build.0 = Debug|Win32
		{0DB1B5B4-7BF2-4FE9-83D2-A464E3C6F88F}.Unspecified_Language_Release.ActiveCfg = Release|Win32
		{0DB1B5B4-7BF2-4FE9-83D2-A464E3C6F88F}.Unspecified_Language_Release.Build.0 = Release|Win32
		{97303760-F2B7-4625-AC8E-34A5395DBB79}.Arabic_Debug.ActiveCfg = Debug|Win32
		{97303760-F2B7-4625-AC8E-34A5395DBB79}.Arabic_Release.ActiveCfg = Release|Win32
		{97303760-F2B7-4625-AC8E-34A5395DBB79}.Arabic_Unoptimized.ActiveCfg = CA_Release|Win32
		{97303760-F2B7-4625-AC8E-34A5395DBB79}.Arabic_Unoptimized.Build.0 = CA_Release|Win32
		{97303760-F2B7-4625-AC8E-34A5395DBB79}.Bengali_Release.ActiveCfg = Release|Win32
		{97303760-F2B7-4625-AC8E-34A5395DBB79}.Bengali_Release.Build.0 = Release|Win32
		{97303760-F2B7-4625-AC8E-34A5395DBB79}.CA_Arabic_Debug.ActiveCfg = Debug|Win32
		{97303760-F2B7-4625-AC8E-34A5395DBB79}.CA_Arabic_Debug.Build.0 = Debug|Win32
		{97303760-F2B7-4625-AC8E-34A5395DBB79}.CA_Arabic_Release.ActiveCfg = Release|Win32
		{97303760-F2B7-4625-AC8E-34A5395DBB79}.CA_Arabic_Release.Build.0 = Release|Win32
		{97303760-F2B7-4625-AC8E-34A5395DBB79}.CA_Chinese_Debug.ActiveCfg = Debug|Win32
		{97303760-F2B7-4625-AC8E-34A5395DBB79}.CA_Chinese_Debug.Build.0 = Debug|Win32
		{97303760-F2B7-4625-AC8E-34A5395DBB79}.CA_Chinese_Release.ActiveCfg = Release|Win32
		{97303760-F2B7-4625-AC8E-34A5395DBB79}.CA_Chinese_Release.Build.0 = Release|Win32
		{97303760-F2B7-4625-AC8E-34A5395DBB79}.CA_Debug.ActiveCfg = CA_Debug|Win32
		{97303760-F2B7-4625-AC8E-34A5395DBB79}.CA_Debug.Build.0 = CA_Debug|Win32
		{97303760-F2B7-4625-AC8E-34A5395DBB79}.CA_English_Debug.ActiveCfg = Debug|Win32
		{97303760-F2B7-4625-AC8E-34A5395DBB79}.CA_English_Debug.Build.0 = Debug|Win32
		{97303760-F2B7-4625-AC8E-34A5395DBB79}.CA_English_Release.ActiveCfg = Release|Win32
		{97303760-F2B7-4625-AC8E-34A5395DBB79}.CA_English_Release.Build.0 = Release|Win32
		{97303760-F2B7-4625-AC8E-34A5395DBB79}.CA_Release.ActiveCfg = CA_Release|Win32
		{97303760-F2B7-4625-AC8E-34A5395DBB79}.CA_Release.Build.0 = CA_Release|Win32
		{97303760-F2B7-4625-AC8E-34A5395DBB79}.Chinese_Debug.ActiveCfg = Debug|Win32
		{97303760-F2B7-4625-AC8E-34A5395DBB79}.Chinese_Debug.Build.0 = Debug|Win32
		{97303760-F2B7-4625-AC8E-34A5395DBB79}.Chinese_Release.ActiveCfg = Release|Win32
		{97303760-F2B7-4625-AC8E-34A5395DBB79}.Chinese_Release.Build.0 = Release|Win32
		{97303760-F2B7-4625-AC8E-34A5395DBB79}.Debug.ActiveCfg = Debug|Win32
		{97303760-F2B7-4625-AC8E-34A5395DBB79}.Debug.Build.0 = Debug|Win32
		{97303760-F2B7-4625-AC8E-34A5395DBB79}.Debug_SingleThreaded.ActiveCfg = Debug|Win32
		{97303760-F2B7-4625-AC8E-34A5395DBB79}.Debug_SingleThreaded.Build.0 = Debug|Win32
		{97303760-F2B7-4625-AC8E-34A5395DBB79}.EMC_English_Debug.ActiveCfg = Debug|Win32
		{97303760-F2B7-4625-AC8E-34A5395DBB79}.EMC_English_Debug.Build.0 = Debug|Win32
		{97303760-F2B7-4625-AC8E-34A5395DBB79}.EMC_English_Release.ActiveCfg = Release|Win32
		{97303760-F2B7-4625-AC8E-34A5395DBB79}.EMC_English_Release.Build.0 = Release|Win32
		{97303760-F2B7-4625-AC8E-34A5395DBB79}.English_Debug.ActiveCfg = Debug|Win32
		{97303760-F2B7-4625-AC8E-34A5395DBB79}.English_Debug_SingleThreaded.ActiveCfg = Debug|Win32
		{97303760-F2B7-4625-AC8E-34A5395DBB79}.English_Debug_SingleThreaded.Build.0 = Debug|Win32
		{97303760-F2B7-4625-AC8E-34A5395DBB79}.English_Release.ActiveCfg = Release|Win32
		{97303760-F2B7-4625-AC8E-34A5395DBB79}.English_Release_SingleThreaded.ActiveCfg = Release|Win32
		{97303760-F2B7-4625-AC8E-34A5395DBB79}.English_Release_SingleThreaded.Build.0 = Release|Win32
		{97303760-F2B7-4625-AC8E-34A5395DBB79}.English_Unoptimized.ActiveCfg = CA_Release|Win32
		{97303760-F2B7-4625-AC8E-34A5395DBB79}.English_Unoptimized.Build.0 = CA_Release|Win32
		{97303760-F2B7-4625-AC8E-34A5395DBB79}.English_Unoptimized_SingleThreaded.ActiveCfg = CA_Release|Win32
		{97303760-F2B7-4625-AC8E-34A5395DBB79}.English_Unoptimized_SingleThreaded.Build.0 = CA_Release|Win32
		{97303760-F2B7-4625-AC8E-34A5395DBB79}.Hindi_Debug.ActiveCfg = Debug|Win32
		{97303760-F2B7-4625-AC8E-34A5395DBB79}.Hindi_Debug.Build.0 = Debug|Win32
		{97303760-F2B7-4625-AC8E-34A5395DBB79}.Hindi_Release.ActiveCfg = Release|Win32
		{97303760-F2B7-4625-AC8E-34A5395DBB79}.Hindi_Release.Build.0 = Release|Win32
		{97303760-F2B7-4625-AC8E-34A5395DBB79}.Release.ActiveCfg = Release|Win32
		{97303760-F2B7-4625-AC8E-34A5395DBB79}.Release.Build.0 = Release|Win32
		{97303760-F2B7-4625-AC8E-34A5395DBB79}.Release_SingleThreaded.ActiveCfg = Release|Win32
		{97303760-F2B7-4625-AC8E-34A5395DBB79}.Release_SingleThreaded.Build.0 = Release|Win32
		{97303760-F2B7-4625-AC8E-34A5395DBB79}.Thai_Debug.ActiveCfg = Debug|Win32
		{97303760-F2B7-4625-AC8E-34A5395DBB79}.Thai_Debug.Build.0 = Debug|Win32
		{97303760-F2B7-4625-AC8E-34A5395DBB79}.Thai_Release.ActiveCfg = Release|Win32
		{97303760-F2B7-4625-AC8E-34A5395DBB79}.Thai_Release.Build.0 = Release|Win32
		{97303760-F2B7-4625-AC8E-34A5395DBB79}.Unoptimized.ActiveCfg = CA_Release|Win32
		{97303760-F2B7-4625-AC8E-34A5395DBB79}.Unoptimized.Build.0 = CA_Release|Win32
		{97303760-F2B7-4625-AC8E-34A5395DBB79}.Unoptimized_SingleThreaded.ActiveCfg = CA_Release|Win32
		{97303760-F2B7-4625-AC8E-34A5395DBB79}.Unoptimized_SingleThreaded.Build.0 = CA_Release|Win32
		{97303760-F2B7-4625-AC8E-34A5395DBB79}.Unspecified_Language_Debug.ActiveCfg = Debug|Win32
		{97303760-F2B7-4625-AC8E-34A5395DBB79}.Unspecified_Language_Debug.Build.0 = Debug|Win32
		{97303760-F2B7-4625-AC8E-34A5395DBB79}.Unspecified_Language_Release.ActiveCfg = Release|Win32
		{97303760-F2B7-4625-AC8E-34A5395DBB79}.Unspecified_Language_Release.Build.0 = Release|Win32
		{51C3C3A4-658F-4F02-BB9E-3807B882613F}.Arabic_Debug.ActiveCfg = Arabic_Debug|Win32
		{51C3C3A4-658F-4F02-BB9E-3807B882613F}.Arabic_Debug.Build.0 = Arabic_Debug|Win32
		{51C3C3A4-658F-4F02-BB9E-3807B882613F}.Arabic_Release.ActiveCfg = Arabic_Release|Win32
		{51C3C3A4-658F-4F02-BB9E-3807B882613F}.Arabic_Release.Build.0 = Arabic_Release|Win32
		{51C3C3A4-658F-4F02-BB9E-3807B882613F}.Arabic_Unoptimized.ActiveCfg = Arabic_Release|Win32
		{51C3C3A4-658F-4F02-BB9E-3807B882613F}.Arabic_Unoptimized.Build.0 = Arabic_Release|Win32
		{51C3C3A4-658F-4F02-BB9E-3807B882613F}.Bengali_Release.ActiveCfg = Arabic_Release|Win32
		{51C3C3A4-658F-4F02-BB9E-3807B882613F}.Bengali_Release.Build.0 = Arabic_Release|Win32
		{51C3C3A4-658F-4F02-BB9E-3807B882613F}.CA_Arabic_Debug.ActiveCfg = Arabic_Debug|Win32
		{51C3C3A4-658F-4F02-BB9E-3807B882613F}.CA_Arabic_Debug.Build.0 = Arabic_Debug|Win32
		{51C3C3A4-658F-4F02-BB9E-3807B882613F}.CA_Arabic_Release.ActiveCfg = Arabic_Release|Win32
		{51C3C3A4-658F-4F02-BB9E-3807B882613F}.CA_Arabic_Release.Build.0 = Arabic_Release|Win32
		{51C3C3A4-658F-4F02-BB9E-3807B882613F}.CA_Chinese_Debug.ActiveCfg = Chinese_Debug|Win32
		{51C3C3A4-658F-4F02-BB9E-3807B882613F}.CA_Chinese_Debug.Build.0 = Chinese_Debug|Win32
		{51C3C3A4-658F-4F02-BB9E-3807B882613F}.CA_Chinese_Release.ActiveCfg = Chinese_Release|Win32
		{51C3C3A4-658F-4F02-BB9E-3807B882613F}.CA_Chinese_Release.Build.0 = Chinese_Release|Win32
		{51C3C3A4-658F-4F02-BB9E-3807B882613F}.CA_Debug.ActiveCfg = Chinese_Debug|Win32
		{51C3C3A4-658F-4F02-BB9E-3807B882613F}.CA_Debug.Build.0 = Chinese_Debug|Win32
		{51C3C3A4-658F-4F02-BB9E-3807B882613F}.CA_English_Debug.ActiveCfg = English_Debug|Win32
		{51C3C3A4-658F-4F02-BB9E-3807B882613F}.CA_English_Debug.Build.0 = English_Debug|Win32
		{51C3C3A4-658F-4F02-BB9E-3807B882613F}.CA_English_Release.ActiveCfg = English_Release|Win32
		{51C3C3A4-658F-4F02-BB9E-3807B882613F}.CA_English_Release.Build.0 = English_Release|Win32
		{51C3C3A4-658F-4F02-BB9E-3807B882613F}.CA_Release.ActiveCfg = Chinese_Debug|Win32
		{51C3C3A4-658F-4F02-BB9E-3807B882613F}.CA_Release.Build.0 = Chinese_Debug|Win32
		{51C3C3A4-658F-4F02-BB9E-3807B882613F}.Chinese_Debug.ActiveCfg = Chinese_Debug|Win32
		{51C3C3A4-658F-4F02-BB9E-3807B882613F}.Chinese_Debug.Build.0 = Chinese_Debug|Win32
		{51C3C3A4-658F-4F02-BB9E-3807B882613F}.Chinese_Release.ActiveCfg = Chinese_Release|Win32
		{51C3C3A4-658F-4F02-BB9E-3807B882613F}.Chinese_Release.Build.0 = Chinese_Release|Win32
		{51C3C3A4-658F-4F02-BB9E-3807B882613F}.Debug.ActiveCfg = Chinese_Debug|Win32
		{51C3C3A4-658F-4F02-BB9E-3807B882613F}.Debug.Build.0 = Chinese_Debug|Win32
		{51C3C3A4-658F-4F02-BB9E-3807B882613F}.Debug_SingleThreaded.ActiveCfg = Arabic_Release|Win32
		{51C3C3A4-658F-4F02-BB9E-3807B882613F}.Debug_SingleThreaded.Build.0 = Arabic_Release|Win32
		{51C3C3A4-658F-4F02-BB9E-3807B882613F}.EMC_English_Debug.ActiveCfg = English_Debug|Win32
		{51C3C3A4-658F-4F02-BB9E-3807B882613F}.EMC_English_Debug.Build.0 = English_Debug|Win32
		{51C3C3A4-658F-4F02-BB9E-3807B882613F}.EMC_English_Release.ActiveCfg = English_Release|Win32
		{51C3C3A4-658F-4F02-BB9E-3807B882613F}.EMC_English_Release.Build.0 = English_Release|Win32
		{51C3C3A4-658F-4F02-BB9E-3807B882613F}.English_Debug.ActiveCfg = English_Debug|Win32
		{51C3C3A4-658F-4F02-BB9E-3807B882613F}.English_Debug.Build.0 = English_Debug|Win32
		{51C3C3A4-658F-4F02-BB9E-3807B882613F}.English_Debug_SingleThreaded.ActiveCfg = English_Debug|Win32
		{51C3C3A4-658F-4F02-BB9E-3807B882613F}.English_Debug_SingleThreaded.Build.0 = English_Debug|Win32
		{51C3C3A4-658F-4F02-BB9E-3807B882613F}.English_Release.ActiveCfg = English_Release|Win32
		{51C3C3A4-658F-4F02-BB9E-3807B882613F}.English_Release.Build.0 = English_Release|Win32
		{51C3C3A4-658F-4F02-BB9E-3807B882613F}.English_Release_SingleThreaded.ActiveCfg = English_Release|Win32
		{51C3C3A4-658F-4F02-BB9E-3807B882613F}.English_Release_SingleThreaded.Build.0 = English_Release|Win32
		{51C3C3A4-658F-4F02-BB9E-3807B882613F}.English_Unoptimized.ActiveCfg = English_Debug|Win32
		{51C3C3A4-658F-4F02-BB9E-3807B882613F}.English_Unoptimized.Build.0 = English_Debug|Win32
		{51C3C3A4-658F-4F02-BB9E-3807B882613F}.English_Unoptimized_SingleThreaded.ActiveCfg = English_Debug|Win32
		{51C3C3A4-658F-4F02-BB9E-3807B882613F}.English_Unoptimized_SingleThreaded.Build.0 = English_Debug|Win32
		{51C3C3A4-658F-4F02-BB9E-3807B882613F}.Hindi_Debug.ActiveCfg = Arabic_Release|Win32
		{51C3C3A4-658F-4F02-BB9E-3807B882613F}.Hindi_Debug.Build.0 = Arabic_Release|Win32
		{51C3C3A4-658F-4F02-BB9E-3807B882613F}.Hindi_Release.ActiveCfg = Arabic_Release|Win32
		{51C3C3A4-658F-4F02-BB9E-3807B882613F}.Hindi_Release.Build.0 = Arabic_Release|Win32
		{51C3C3A4-658F-4F02-BB9E-3807B882613F}.Release.ActiveCfg = Arabic_Release|Win32
		{51C3C3A4-658F-4F02-BB9E-3807B882613F}.Release.Build.0 = Arabic_Release|Win32
		{51C3C3A4-658F-4F02-BB9E-3807B882613F}.Release_SingleThreaded.ActiveCfg = Arabic_Release|Win32
		{51C3C3A4-658F-4F02-BB9E-3807B882613F}.Release_SingleThreaded.Build.0 = Arabic_Release|Win32
		{51C3C3A4-658F-4F02-BB9E-3807B882613F}.Thai_Debug.ActiveCfg = Arabic_Release|Win32
		{51C3C3A4-658F-4F02-BB9E-3807B882613F}.Thai_Debug.Build.0 = Arabic_Release|Win32
		{51C3C3A4-658F-4F02-BB9E-3807B882613F}.Thai_Release.ActiveCfg = Arabic_Release|Win32
		{51C3C3A4-658F-4F02-BB9E-3807B882613F}.Thai_Release.Build.0 = Arabic_Release|Win32
		{51C3C3A4-658F-4F02-BB9E-3807B882613F}.Unoptimized.ActiveCfg = Arabic_Release|Win32
		{51C3C3A4-658F-4F02-BB9E-3807B882613F}.Unoptimized.Build.0 = Arabic_Release|Win32
		{51C3C3A4-658F-4F02-BB9E-3807B882613F}.Unoptimized_SingleThreaded.ActiveCfg = Arabic_Release|Win32
		{51C3C3A4-658F-4F02-BB9E-3807B882613F}.Unoptimized_SingleThreaded.Build.0 = Arabic_Release|Win32
		{51C3C3A4-658F-4F02-BB9E-3807B882613F}.Unspecified_Language_Debug.ActiveCfg = Arabic_Release|Win32
		{51C3C3A4-658F-4F02-BB9E-3807B882613F}.Unspecified_Language_Debug.Build.0 = Arabic_Release|Win32
		{51C3C3A4-658F-4F02-BB9E-3807B882613F}.Unspecified_Language_Release.ActiveCfg = Arabic_Release|Win32
		{51C3C3A4-658F-4F02-BB9E-3807B882613F}.Unspecified_Language_Release.Build.0 = Arabic_Release|Win32
	EndGlobalSection
	GlobalSection(ExtensibilityGlobals) = postSolution
	EndGlobalSection
	GlobalSection(ExtensibilityAddIns) = postSolution
	EndGlobalSection
EndGlobal
