Microsoft Visual Studio Solution File, Format Version 8.00
Project("{8BC9CEB8-8B4A-11D0-8D11-00A0C91BC942}") = "CASerif_generic", "..\CASerif_generic\CASerif_generic.vcproj", "{6D7FB64B-0CFE-4AA9-A30F-6D736EF5541E}"
	ProjectSection(ProjectDependencies) = postProject
		{182C8E54-CA3F-4F9B-B220-7703EBB9AAAB} = {182C8E54-CA3F-4F9B-B220-7703EBB9AAAB}
	EndProjectSection
EndProject
Project("{8BC9CEB8-8B4A-11D0-8D11-00A0C91BC942}") = "generic", "..\generic\generic.vcproj", "{182C8E54-CA3F-4F9B-B220-7703EBB9AAAB}"
	ProjectSection(ProjectDependencies) = postProject
	EndProjectSection
EndProject
Project("{8BC9CEB8-8B4A-11D0-8D11-00A0C91BC942}") = "Chinese", "..\Chinese\Chinese.vcproj", "{97303760-F2B7-4625-AC8E-34A5395DBB79}"
	ProjectSection(ProjectDependencies) = postProject
		{182C8E54-CA3F-4F9B-B220-7703EBB9AAAB} = {182C8E54-CA3F-4F9B-B220-7703EBB9AAAB}
	EndProjectSection
EndProject
Project("{8BC9CEB8-8B4A-11D0-8D11-00A0C91BC942}") = "RelationVectorExtractor", "RelationVectorExtractor.vcproj", "{B0556E63-F08C-48F1-B9BB-CEC1CF8F9F11}"
	ProjectSection(ProjectDependencies) = postProject
		{6D7FB64B-0CFE-4AA9-A30F-6D736EF5541E} = {6D7FB64B-0CFE-4AA9-A30F-6D736EF5541E}
		{182C8E54-CA3F-4F9B-B220-7703EBB9AAAB} = {182C8E54-CA3F-4F9B-B220-7703EBB9AAAB}
		{97303760-F2B7-4625-AC8E-34A5395DBB79} = {97303760-F2B7-4625-AC8E-34A5395DBB79}
	EndProjectSection
EndProject
Global
	GlobalSection(SourceCodeControl) = preSolution
		SccNumberOfProjects = 3
		SccProjectUniqueName0 = ..\\CASerif_generic\\CASerif_generic.vcproj
		SccProjectName0 = \u0022$/applications/Serif/src/CASerif_generic\u0022,\u0020OWSCAAAA
		SccLocalPath0 = ..\\CASerif_generic
		SccProvider0 = MSSCCI:Microsoft\u0020Visual\u0020SourceSafe
		CanCheckoutShared = true
		SccProjectUniqueName1 = ..\\generic\\generic.vcproj
		SccProjectName1 = \u0022$/applications/Serif/src\u0022,\u0020AJLCAAAA
		SccLocalPath1 = ..
		SccProvider1 = MSSCCI:Microsoft\u0020Visual\u0020SourceSafe
		CanCheckoutShared = true
		SccProjectFilePathRelativizedFromConnection1 = generic\\
		SccProjectUniqueName2 = ..\\Chinese\\Chinese.vcproj
		SccProjectName2 = \u0022$/applications/Serif/src\u0022,\u0020AJLCAAAA
		SccLocalPath2 = ..
		SccProvider2 = MSSCCI:Microsoft\u0020Visual\u0020SourceSafe
		CanCheckoutShared = true
		SccProjectFilePathRelativizedFromConnection2 = Chinese\\
	EndGlobalSection
	GlobalSection(SolutionConfiguration) = preSolution
		Arabic_Debug = Arabic_Debug
		Arabic_Release = Arabic_Release
		Arabic_Unoptimized = Arabic_Unoptimized
		CA_Chinese_Debug = CA_Chinese_Debug
		CA_Chinese_Release = CA_Chinese_Release
		CA_Debug = CA_Debug
		CA_English_Release = CA_English_Release
		CA_Release = CA_Release
		Chinese_Debug = Chinese_Debug
		Chinese_Release = Chinese_Release
		Debug = Debug
		English_Debug = English_Debug
		English_Debug_SingleThreaded = English_Debug_SingleThreaded
		English_Release = English_Release
		English_Release_SingleThreaded = English_Release_SingleThreaded
		English_Unoptimized = English_Unoptimized
		English_Unoptimized_SingleThreaded = English_Unoptimized_SingleThreaded
		Hindi_Debug = Hindi_Debug
		Hindi_Release = Hindi_Release
		Release = Release
	EndGlobalSection
	GlobalSection(ProjectConfiguration) = postSolution
		{6D7FB64B-0CFE-4AA9-A30F-6D736EF5541E}.Arabic_Debug.ActiveCfg = Debug|Win32
		{6D7FB64B-0CFE-4AA9-A30F-6D736EF5541E}.Arabic_Debug.Build.0 = Debug|Win32
		{6D7FB64B-0CFE-4AA9-A30F-6D736EF5541E}.Arabic_Release.ActiveCfg = Release|Win32
		{6D7FB64B-0CFE-4AA9-A30F-6D736EF5541E}.Arabic_Release.Build.0 = Release|Win32
		{6D7FB64B-0CFE-4AA9-A30F-6D736EF5541E}.Arabic_Unoptimized.ActiveCfg = English_Debug|Win32
		{6D7FB64B-0CFE-4AA9-A30F-6D736EF5541E}.Arabic_Unoptimized.Build.0 = English_Debug|Win32
		{6D7FB64B-0CFE-4AA9-A30F-6D736EF5541E}.CA_Chinese_Debug.ActiveCfg = Chinese_Debug|Win32
		{6D7FB64B-0CFE-4AA9-A30F-6D736EF5541E}.CA_Chinese_Debug.Build.0 = Chinese_Debug|Win32
		{6D7FB64B-0CFE-4AA9-A30F-6D736EF5541E}.CA_Chinese_Release.ActiveCfg = Chinese_Release|Win32
		{6D7FB64B-0CFE-4AA9-A30F-6D736EF5541E}.CA_Chinese_Release.Build.0 = Chinese_Release|Win32
		{6D7FB64B-0CFE-4AA9-A30F-6D736EF5541E}.CA_Debug.ActiveCfg = Debug|Win32
		{6D7FB64B-0CFE-4AA9-A30F-6D736EF5541E}.CA_Debug.Build.0 = Debug|Win32
		{6D7FB64B-0CFE-4AA9-A30F-6D736EF5541E}.CA_English_Release.ActiveCfg = English_Release|Win32
		{6D7FB64B-0CFE-4AA9-A30F-6D736EF5541E}.CA_English_Release.Build.0 = English_Release|Win32
		{6D7FB64B-0CFE-4AA9-A30F-6D736EF5541E}.CA_Release.ActiveCfg = Release|Win32
		{6D7FB64B-0CFE-4AA9-A30F-6D736EF5541E}.CA_Release.Build.0 = Release|Win32
		{6D7FB64B-0CFE-4AA9-A30F-6D736EF5541E}.Chinese_Debug.ActiveCfg = Chinese_Debug|Win32
		{6D7FB64B-0CFE-4AA9-A30F-6D736EF5541E}.Chinese_Debug.Build.0 = Chinese_Debug|Win32
		{6D7FB64B-0CFE-4AA9-A30F-6D736EF5541E}.Chinese_Release.ActiveCfg = Chinese_Release|Win32
		{6D7FB64B-0CFE-4AA9-A30F-6D736EF5541E}.Chinese_Release.Build.0 = Chinese_Release|Win32
		{6D7FB64B-0CFE-4AA9-A30F-6D736EF5541E}.Debug.ActiveCfg = Chinese_Debug|Win32
		{6D7FB64B-0CFE-4AA9-A30F-6D736EF5541E}.Debug.Build.0 = Chinese_Debug|Win32
		{6D7FB64B-0CFE-4AA9-A30F-6D736EF5541E}.English_Debug.ActiveCfg = English_Debug|Win32
		{6D7FB64B-0CFE-4AA9-A30F-6D736EF5541E}.English_Debug.Build.0 = English_Debug|Win32
		{6D7FB64B-0CFE-4AA9-A30F-6D736EF5541E}.English_Debug_SingleThreaded.ActiveCfg = English_Debug|Win32
		{6D7FB64B-0CFE-4AA9-A30F-6D736EF5541E}.English_Debug_SingleThreaded.Build.0 = English_Debug|Win32
		{6D7FB64B-0CFE-4AA9-A30F-6D736EF5541E}.English_Release.ActiveCfg = English_Release|Win32
		{6D7FB64B-0CFE-4AA9-A30F-6D736EF5541E}.English_Release.Build.0 = English_Release|Win32
		{6D7FB64B-0CFE-4AA9-A30F-6D736EF5541E}.English_Release_SingleThreaded.ActiveCfg = English_Release|Win32
		{6D7FB64B-0CFE-4AA9-A30F-6D736EF5541E}.English_Release_SingleThreaded.Build.0 = English_Release|Win32
		{6D7FB64B-0CFE-4AA9-A30F-6D736EF5541E}.English_Unoptimized.ActiveCfg = English_Debug|Win32
		{6D7FB64B-0CFE-4AA9-A30F-6D736EF5541E}.English_Unoptimized.Build.0 = English_Debug|Win32
		{6D7FB64B-0CFE-4AA9-A30F-6D736EF5541E}.English_Unoptimized_SingleThreaded.ActiveCfg = English_Debug|Win32
		{6D7FB64B-0CFE-4AA9-A30F-6D736EF5541E}.English_Unoptimized_SingleThreaded.Build.0 = English_Debug|Win32
		{6D7FB64B-0CFE-4AA9-A30F-6D736EF5541E}.Hindi_Debug.ActiveCfg = Debug|Win32
		{6D7FB64B-0CFE-4AA9-A30F-6D736EF5541E}.Hindi_Debug.Build.0 = Debug|Win32
		{6D7FB64B-0CFE-4AA9-A30F-6D736EF5541E}.Hindi_Release.ActiveCfg = Release|Win32
		{6D7FB64B-0CFE-4AA9-A30F-6D736EF5541E}.Hindi_Release.Build.0 = Release|Win32
		{6D7FB64B-0CFE-4AA9-A30F-6D736EF5541E}.Release.ActiveCfg = Chinese_Release|Win32
		{6D7FB64B-0CFE-4AA9-A30F-6D736EF5541E}.Release.Build.0 = Chinese_Release|Win32
		{182C8E54-CA3F-4F9B-B220-7703EBB9AAAB}.Arabic_Debug.ActiveCfg = Arabic_Debug|Win32
		{182C8E54-CA3F-4F9B-B220-7703EBB9AAAB}.Arabic_Debug.Build.0 = Arabic_Debug|Win32
		{182C8E54-CA3F-4F9B-B220-7703EBB9AAAB}.Arabic_Release.ActiveCfg = Arabic_Release|Win32
		{182C8E54-CA3F-4F9B-B220-7703EBB9AAAB}.Arabic_Release.Build.0 = Arabic_Release|Win32
		{182C8E54-CA3F-4F9B-B220-7703EBB9AAAB}.Arabic_Unoptimized.ActiveCfg = Arabic_Unoptimized|Win32
		{182C8E54-CA3F-4F9B-B220-7703EBB9AAAB}.Arabic_Unoptimized.Build.0 = Arabic_Unoptimized|Win32
		{182C8E54-CA3F-4F9B-B220-7703EBB9AAAB}.CA_Chinese_Debug.ActiveCfg = CA_Chinese_Debug|Win32
		{182C8E54-CA3F-4F9B-B220-7703EBB9AAAB}.CA_Chinese_Debug.Build.0 = CA_Chinese_Debug|Win32
		{182C8E54-CA3F-4F9B-B220-7703EBB9AAAB}.CA_Chinese_Release.ActiveCfg = CA_Chinese_Release|Win32
		{182C8E54-CA3F-4F9B-B220-7703EBB9AAAB}.CA_Chinese_Release.Build.0 = CA_Chinese_Release|Win32
		{182C8E54-CA3F-4F9B-B220-7703EBB9AAAB}.CA_Debug.ActiveCfg = CA_Chinese_Release|Win32
		{182C8E54-CA3F-4F9B-B220-7703EBB9AAAB}.CA_Debug.Build.0 = CA_Chinese_Release|Win32
		{182C8E54-CA3F-4F9B-B220-7703EBB9AAAB}.CA_English_Release.ActiveCfg = CA_English_Release|Win32
		{182C8E54-CA3F-4F9B-B220-7703EBB9AAAB}.CA_English_Release.Build.0 = CA_English_Release|Win32
		{182C8E54-CA3F-4F9B-B220-7703EBB9AAAB}.CA_Release.ActiveCfg = CA_Chinese_Release|Win32
		{182C8E54-CA3F-4F9B-B220-7703EBB9AAAB}.CA_Release.Build.0 = CA_Chinese_Release|Win32
		{182C8E54-CA3F-4F9B-B220-7703EBB9AAAB}.Chinese_Debug.ActiveCfg = Chinese_Debug|Win32
		{182C8E54-CA3F-4F9B-B220-7703EBB9AAAB}.Chinese_Debug.Build.0 = Chinese_Debug|Win32
		{182C8E54-CA3F-4F9B-B220-7703EBB9AAAB}.Chinese_Release.ActiveCfg = Chinese_Release|Win32
		{182C8E54-CA3F-4F9B-B220-7703EBB9AAAB}.Chinese_Release.Build.0 = Chinese_Release|Win32
		{182C8E54-CA3F-4F9B-B220-7703EBB9AAAB}.Debug.ActiveCfg = CA_Chinese_Debug|Win32
		{182C8E54-CA3F-4F9B-B220-7703EBB9AAAB}.Debug.Build.0 = CA_Chinese_Debug|Win32
		{182C8E54-CA3F-4F9B-B220-7703EBB9AAAB}.English_Debug.ActiveCfg = English_Debug|Win32
		{182C8E54-CA3F-4F9B-B220-7703EBB9AAAB}.English_Debug.Build.0 = English_Debug|Win32
		{182C8E54-CA3F-4F9B-B220-7703EBB9AAAB}.English_Debug_SingleThreaded.ActiveCfg = English_Debug_SingleThreaded|Win32
		{182C8E54-CA3F-4F9B-B220-7703EBB9AAAB}.English_Debug_SingleThreaded.Build.0 = English_Debug_SingleThreaded|Win32
		{182C8E54-CA3F-4F9B-B220-7703EBB9AAAB}.English_Release.ActiveCfg = English_Release|Win32
		{182C8E54-CA3F-4F9B-B220-7703EBB9AAAB}.English_Release.Build.0 = English_Release|Win32
		{182C8E54-CA3F-4F9B-B220-7703EBB9AAAB}.English_Release_SingleThreaded.ActiveCfg = English_Release_SingleThreaded|Win32
		{182C8E54-CA3F-4F9B-B220-7703EBB9AAAB}.English_Release_SingleThreaded.Build.0 = English_Release_SingleThreaded|Win32
		{182C8E54-CA3F-4F9B-B220-7703EBB9AAAB}.English_Unoptimized.ActiveCfg = English_Unoptimized|Win32
		{182C8E54-CA3F-4F9B-B220-7703EBB9AAAB}.English_Unoptimized.Build.0 = English_Unoptimized|Win32
		{182C8E54-CA3F-4F9B-B220-7703EBB9AAAB}.English_Unoptimized_SingleThreaded.ActiveCfg = English_Unoptimized_SingleThreaded|Win32
		{182C8E54-CA3F-4F9B-B220-7703EBB9AAAB}.English_Unoptimized_SingleThreaded.Build.0 = English_Unoptimized_SingleThreaded|Win32
		{182C8E54-CA3F-4F9B-B220-7703EBB9AAAB}.Hindi_Debug.ActiveCfg = Hindi_Debug|Win32
		{182C8E54-CA3F-4F9B-B220-7703EBB9AAAB}.Hindi_Debug.Build.0 = Hindi_Debug|Win32
		{182C8E54-CA3F-4F9B-B220-7703EBB9AAAB}.Hindi_Release.ActiveCfg = Hindi_Release|Win32
		{182C8E54-CA3F-4F9B-B220-7703EBB9AAAB}.Hindi_Release.Build.0 = Hindi_Release|Win32
		{182C8E54-CA3F-4F9B-B220-7703EBB9AAAB}.Release.ActiveCfg = CA_Chinese_Release|Win32
		{182C8E54-CA3F-4F9B-B220-7703EBB9AAAB}.Release.Build.0 = CA_Chinese_Release|Win32
		{97303760-F2B7-4625-AC8E-34A5395DBB79}.Arabic_Debug.ActiveCfg = Debug|Win32
		{97303760-F2B7-4625-AC8E-34A5395DBB79}.Arabic_Debug.Build.0 = Debug|Win32
		{97303760-F2B7-4625-AC8E-34A5395DBB79}.Arabic_Release.ActiveCfg = Release|Win32
		{97303760-F2B7-4625-AC8E-34A5395DBB79}.Arabic_Release.Build.0 = Release|Win32
		{97303760-F2B7-4625-AC8E-34A5395DBB79}.Arabic_Unoptimized.ActiveCfg = CA_Release|Win32
		{97303760-F2B7-4625-AC8E-34A5395DBB79}.Arabic_Unoptimized.Build.0 = CA_Release|Win32
		{97303760-F2B7-4625-AC8E-34A5395DBB79}.CA_Chinese_Debug.ActiveCfg = Debug|Win32
		{97303760-F2B7-4625-AC8E-34A5395DBB79}.CA_Chinese_Debug.Build.0 = Debug|Win32
		{97303760-F2B7-4625-AC8E-34A5395DBB79}.CA_Chinese_Release.ActiveCfg = CA_Release|Win32
		{97303760-F2B7-4625-AC8E-34A5395DBB79}.CA_Chinese_Release.Build.0 = CA_Release|Win32
		{97303760-F2B7-4625-AC8E-34A5395DBB79}.CA_Debug.ActiveCfg = CA_Debug|Win32
		{97303760-F2B7-4625-AC8E-34A5395DBB79}.CA_Debug.Build.0 = CA_Debug|Win32
		{97303760-F2B7-4625-AC8E-34A5395DBB79}.CA_English_Release.ActiveCfg = Release|Win32
		{97303760-F2B7-4625-AC8E-34A5395DBB79}.CA_English_Release.Build.0 = Release|Win32
		{97303760-F2B7-4625-AC8E-34A5395DBB79}.CA_Release.ActiveCfg = CA_Release|Win32
		{97303760-F2B7-4625-AC8E-34A5395DBB79}.CA_Release.Build.0 = CA_Release|Win32
		{97303760-F2B7-4625-AC8E-34A5395DBB79}.Chinese_Debug.ActiveCfg = Debug|Win32
		{97303760-F2B7-4625-AC8E-34A5395DBB79}.Chinese_Debug.Build.0 = Debug|Win32
		{97303760-F2B7-4625-AC8E-34A5395DBB79}.Chinese_Release.ActiveCfg = Release|Win32
		{97303760-F2B7-4625-AC8E-34A5395DBB79}.Chinese_Release.Build.0 = Release|Win32
		{97303760-F2B7-4625-AC8E-34A5395DBB79}.Debug.ActiveCfg = Debug|Win32
		{97303760-F2B7-4625-AC8E-34A5395DBB79}.Debug.Build.0 = Debug|Win32
		{97303760-F2B7-4625-AC8E-34A5395DBB79}.English_Debug.ActiveCfg = Debug|Win32
		{97303760-F2B7-4625-AC8E-34A5395DBB79}.English_Debug.Build.0 = Debug|Win32
		{97303760-F2B7-4625-AC8E-34A5395DBB79}.English_Debug_SingleThreaded.ActiveCfg = Debug|Win32
		{97303760-F2B7-4625-AC8E-34A5395DBB79}.English_Debug_SingleThreaded.Build.0 = Debug|Win32
		{97303760-F2B7-4625-AC8E-34A5395DBB79}.English_Release.ActiveCfg = Release|Win32
		{97303760-F2B7-4625-AC8E-34A5395DBB79}.English_Release.Build.0 = Release|Win32
		{97303760-F2B7-4625-AC8E-34A5395DBB79}.English_Release_SingleThreaded.ActiveCfg = Release|Win32
		{97303760-F2B7-4625-AC8E-34A5395DBB79}.English_Release_SingleThreaded.Build.0 = Release|Win32
		{97303760-F2B7-4625-AC8E-34A5395DBB79}.English_Unoptimized.ActiveCfg = CA_Release|Win32
		{97303760-F2B7-4625-AC8E-34A5395DBB79}.English_Unoptimized.Build.0 = CA_Release|Win32
		{97303760-F2B7-4625-AC8E-34A5395DBB79}.English_Unoptimized_SingleThreaded.ActiveCfg = CA_Release|Win32
		{97303760-F2B7-4625-AC8E-34A5395DBB79}.English_Unoptimized_SingleThreaded.Build.0 = CA_Release|Win32
		{97303760-F2B7-4625-AC8E-34A5395DBB79}.Hindi_Debug.ActiveCfg = Debug|Win32
		{97303760-F2B7-4625-AC8E-34A5395DBB79}.Hindi_Debug.Build.0 = Debug|Win32
		{97303760-F2B7-4625-AC8E-34A5395DBB79}.Hindi_Release.ActiveCfg = Release|Win32
		{97303760-F2B7-4625-AC8E-34A5395DBB79}.Hindi_Release.Build.0 = Release|Win32
		{97303760-F2B7-4625-AC8E-34A5395DBB79}.Release.ActiveCfg = Release|Win32
		{97303760-F2B7-4625-AC8E-34A5395DBB79}.Release.Build.0 = Release|Win32
		{B0556E63-F08C-48F1-B9BB-CEC1CF8F9F11}.Arabic_Debug.ActiveCfg = Debug|Win32
		{B0556E63-F08C-48F1-B9BB-CEC1CF8F9F11}.Arabic_Debug.Build.0 = Debug|Win32
		{B0556E63-F08C-48F1-B9BB-CEC1CF8F9F11}.Arabic_Release.ActiveCfg = Release|Win32
		{B0556E63-F08C-48F1-B9BB-CEC1CF8F9F11}.Arabic_Release.Build.0 = Release|Win32
		{B0556E63-F08C-48F1-B9BB-CEC1CF8F9F11}.Arabic_Unoptimized.ActiveCfg = Release|Win32
		{B0556E63-F08C-48F1-B9BB-CEC1CF8F9F11}.Arabic_Unoptimized.Build.0 = Release|Win32
		{B0556E63-F08C-48F1-B9BB-CEC1CF8F9F11}.CA_Chinese_Debug.ActiveCfg = Debug|Win32
		{B0556E63-F08C-48F1-B9BB-CEC1CF8F9F11}.CA_Chinese_Debug.Build.0 = Debug|Win32
		{B0556E63-F08C-48F1-B9BB-CEC1CF8F9F11}.CA_Chinese_Release.ActiveCfg = Release|Win32
		{B0556E63-F08C-48F1-B9BB-CEC1CF8F9F11}.CA_Chinese_Release.Build.0 = Release|Win32
		{B0556E63-F08C-48F1-B9BB-CEC1CF8F9F11}.CA_Debug.ActiveCfg = Debug|Win32
		{B0556E63-F08C-48F1-B9BB-CEC1CF8F9F11}.CA_Debug.Build.0 = Debug|Win32
		{B0556E63-F08C-48F1-B9BB-CEC1CF8F9F11}.CA_English_Release.ActiveCfg = Release|Win32
		{B0556E63-F08C-48F1-B9BB-CEC1CF8F9F11}.CA_English_Release.Build.0 = Release|Win32
		{B0556E63-F08C-48F1-B9BB-CEC1CF8F9F11}.CA_Release.ActiveCfg = Release|Win32
		{B0556E63-F08C-48F1-B9BB-CEC1CF8F9F11}.CA_Release.Build.0 = Release|Win32
		{B0556E63-F08C-48F1-B9BB-CEC1CF8F9F11}.Chinese_Debug.ActiveCfg = Debug|Win32
		{B0556E63-F08C-48F1-B9BB-CEC1CF8F9F11}.Chinese_Debug.Build.0 = Debug|Win32
		{B0556E63-F08C-48F1-B9BB-CEC1CF8F9F11}.Chinese_Release.ActiveCfg = Release|Win32
		{B0556E63-F08C-48F1-B9BB-CEC1CF8F9F11}.Chinese_Release.Build.0 = Release|Win32
		{B0556E63-F08C-48F1-B9BB-CEC1CF8F9F11}.Debug.ActiveCfg = Debug|Win32
		{B0556E63-F08C-48F1-B9BB-CEC1CF8F9F11}.Debug.Build.0 = Debug|Win32
		{B0556E63-F08C-48F1-B9BB-CEC1CF8F9F11}.English_Debug.ActiveCfg = Debug|Win32
		{B0556E63-F08C-48F1-B9BB-CEC1CF8F9F11}.English_Debug.Build.0 = Debug|Win32
		{B0556E63-F08C-48F1-B9BB-CEC1CF8F9F11}.English_Debug_SingleThreaded.ActiveCfg = Debug|Win32
		{B0556E63-F08C-48F1-B9BB-CEC1CF8F9F11}.English_Debug_SingleThreaded.Build.0 = Debug|Win32
		{B0556E63-F08C-48F1-B9BB-CEC1CF8F9F11}.English_Release.ActiveCfg = Release|Win32
		{B0556E63-F08C-48F1-B9BB-CEC1CF8F9F11}.English_Release.Build.0 = Release|Win32
		{B0556E63-F08C-48F1-B9BB-CEC1CF8F9F11}.English_Release_SingleThreaded.ActiveCfg = Release|Win32
		{B0556E63-F08C-48F1-B9BB-CEC1CF8F9F11}.English_Release_SingleThreaded.Build.0 = Release|Win32
		{B0556E63-F08C-48F1-B9BB-CEC1CF8F9F11}.English_Unoptimized.ActiveCfg = Release|Win32
		{B0556E63-F08C-48F1-B9BB-CEC1CF8F9F11}.English_Unoptimized.Build.0 = Release|Win32
		{B0556E63-F08C-48F1-B9BB-CEC1CF8F9F11}.English_Unoptimized_SingleThreaded.ActiveCfg = Release|Win32
		{B0556E63-F08C-48F1-B9BB-CEC1CF8F9F11}.English_Unoptimized_SingleThreaded.Build.0 = Release|Win32
		{B0556E63-F08C-48F1-B9BB-CEC1CF8F9F11}.Hindi_Debug.ActiveCfg = Debug|Win32
		{B0556E63-F08C-48F1-B9BB-CEC1CF8F9F11}.Hindi_Debug.Build.0 = Debug|Win32
		{B0556E63-F08C-48F1-B9BB-CEC1CF8F9F11}.Hindi_Release.ActiveCfg = Release|Win32
		{B0556E63-F08C-48F1-B9BB-CEC1CF8F9F11}.Hindi_Release.Build.0 = Release|Win32
		{B0556E63-F08C-48F1-B9BB-CEC1CF8F9F11}.Release.ActiveCfg = Release|Win32
		{B0556E63-F08C-48F1-B9BB-CEC1CF8F9F11}.Release.Build.0 = Release|Win32
	EndGlobalSection
	GlobalSection(ExtensibilityGlobals) = postSolution
	EndGlobalSection
	GlobalSection(ExtensibilityAddIns) = postSolution
	EndGlobalSection
EndGlobal
