Microsoft Visual Studio Solution File, Format Version 9.00
# Visual Studio 2005
Project("{8BC9CEB8-8B4A-11D0-8D11-00A0C91BC942}") = "generic", "..\generic\generic.vcproj", "{182C8E54-CA3F-4F9B-B220-7703EBB9AAAB}"
EndProject
Project("{8BC9CEB8-8B4A-11D0-8D11-00A0C91BC942}") = "StandAloneParser", "StandAloneParser.vcproj", "{F7AE7715-2FB7-4F8E-ABD6-10F27765437C}"
	ProjectSection(ProjectDependencies) = postProject
		{182C8E54-CA3F-4F9B-B220-7703EBB9AAAB} = {182C8E54-CA3F-4F9B-B220-7703EBB9AAAB}
	EndProjectSection
EndProject
Project("{8BC9CEB8-8B4A-11D0-8D11-00A0C91BC942}") = "Arabic", "..\Arabic\Arabic.vcproj", "{0DB1B5B4-7BF2-4FE9-83D2-A464E3C6F88F}"
EndProject
Project("{8BC9CEB8-8B4A-11D0-8D11-00A0C91BC942}") = "English", "..\English\English.vcproj", "{B91C4720-93C5-41ED-9F67-4D55F3A65417}"
EndProject
Project("{8BC9CEB8-8B4A-11D0-8D11-00A0C91BC942}") = "TreeAligner", "..\TreeAligner\TreeAligner.vcproj", "{47C4B29D-BE93-48E2-AE96-67C79066C6C6}"
	ProjectSection(ProjectDependencies) = postProject
		{182C8E54-CA3F-4F9B-B220-7703EBB9AAAB} = {182C8E54-CA3F-4F9B-B220-7703EBB9AAAB}
	EndProjectSection
EndProject
Project("{8BC9CEB8-8B4A-11D0-8D11-00A0C91BC942}") = "Chinese", "..\Chinese\Chinese.vcproj", "{97303760-F2B7-4625-AC8E-34A5395DBB79}"
EndProject
Global
	GlobalSection(SourceCodeControl) = preSolution
		SccNumberOfProjects = 7
		SccLocalPath0 = .
		CanCheckoutShared = true
		SccProjectUniqueName1 = ..\\generic\\generic.vcproj
		SccProjectName1 = \u0022$/applications/Serif/src\u0022,\u0020AJLCAAAA
		SccLocalPath1 = ..
		CanCheckoutShared = true
		SccProjectFilePathRelativizedFromConnection1 = generic\\
		SccProjectUniqueName2 = ..\\Arabic\\Arabic.vcproj
		SccProjectName2 = \u0022$/applications/Serif/src\u0022,\u0020AJLCAAAA
		SccLocalPath2 = ..
		CanCheckoutShared = true
		SccProjectFilePathRelativizedFromConnection2 = Arabic\\
		SccProjectUniqueName3 = ..\\English\\English.vcproj
		SccProjectName3 = \u0022$/applications/Serif/src\u0022,\u0020AJLCAAAA
		SccLocalPath3 = ..
		CanCheckoutShared = true
		SccProjectFilePathRelativizedFromConnection3 = English\\
		SccProjectUniqueName4 = StandAloneParser.vcproj
		SccLocalPath4 = .
		CanCheckoutShared = true
		SccProjectUniqueName5 = ..\\TreeAligner\\TreeAligner.vcproj
		SccProjectName5 = \u0022$/applications/Serif/src/TreeAligner\u0022,\u0020NBTCAAAA
		SccLocalPath5 = ..\\TreeAligner
		CanCheckoutShared = true
		SccProjectUniqueName6 = ..\\Chinese\\Chinese.vcproj
		SccProjectName6 = \u0022$/applications/Serif/src\u0022,\u0020AJLCAAAA
		SccLocalPath6 = ..
		CanCheckoutShared = true
		SccProjectFilePathRelativizedFromConnection6 = Chinese\\
	EndGlobalSection
	GlobalSection(SolutionConfigurationPlatforms) = preSolution
		Arabic_Debug|Win32 = Arabic_Debug|Win32
		Arabic_Release|Win32 = Arabic_Release|Win32
		Arabic_Unoptimized|Win32 = Arabic_Unoptimized|Win32
		Bengali_Release|Win32 = Bengali_Release|Win32
		CA_Arabic_Debug|Win32 = CA_Arabic_Debug|Win32
		CA_Arabic_Release|Win32 = CA_Arabic_Release|Win32
		CA_Chinese_Debug|Win32 = CA_Chinese_Debug|Win32
		CA_Chinese_Release|Win32 = CA_Chinese_Release|Win32
		CA_Debug|Win32 = CA_Debug|Win32
		CA_English_Debug|Win32 = CA_English_Debug|Win32
		CA_English_Release|Win32 = CA_English_Release|Win32
		CA_Release|Win32 = CA_Release|Win32
		Chinese_Debug|Win32 = Chinese_Debug|Win32
		Chinese_Release|Win32 = Chinese_Release|Win32
		Debug_SingleThreaded|Win32 = Debug_SingleThreaded|Win32
		Debug|Win32 = Debug|Win32
		EMC_English_Debug|Win32 = EMC_English_Debug|Win32
		EMC_English_Release|Win32 = EMC_English_Release|Win32
		English_Debug_SingleThreaded|Win32 = English_Debug_SingleThreaded|Win32
		English_Debug|Win32 = English_Debug|Win32
		English_Release_SingleThreaded|Win32 = English_Release_SingleThreaded|Win32
		English_Release|Win32 = English_Release|Win32
		English_Unoptimized_SingleThreaded|Win32 = English_Unoptimized_SingleThreaded|Win32
		English_Unoptimized|Win32 = English_Unoptimized|Win32
		Hindi_Debug|Win32 = Hindi_Debug|Win32
		Hindi_Release|Win32 = Hindi_Release|Win32
		Korean_Debug|Win32 = Korean_Debug|Win32
		Korean_Release|Win32 = Korean_Release|Win32
		Release_SingleThreaded|Win32 = Release_SingleThreaded|Win32
		Release|Win32 = Release|Win32
		Thai_Debug|Win32 = Thai_Debug|Win32
		Thai_Release|Win32 = Thai_Release|Win32
		Unoptimized_SingleThreaded|Win32 = Unoptimized_SingleThreaded|Win32
		Unoptimized|Win32 = Unoptimized|Win32
		Unspecified_Language_Debug|Win32 = Unspecified_Language_Debug|Win32
		Unspecified_Language_Release|Win32 = Unspecified_Language_Release|Win32
	EndGlobalSection
	GlobalSection(ProjectConfigurationPlatforms) = postSolution
		{182C8E54-CA3F-4F9B-B220-7703EBB9AAAB}.Arabic_Debug|Win32.ActiveCfg = Arabic_Debug|Win32
		{182C8E54-CA3F-4F9B-B220-7703EBB9AAAB}.Arabic_Debug|Win32.Build.0 = Arabic_Debug|Win32
		{182C8E54-CA3F-4F9B-B220-7703EBB9AAAB}.Arabic_Release|Win32.ActiveCfg = Arabic_Release|Win32
		{182C8E54-CA3F-4F9B-B220-7703EBB9AAAB}.Arabic_Release|Win32.Build.0 = Arabic_Release|Win32
		{182C8E54-CA3F-4F9B-B220-7703EBB9AAAB}.Arabic_Unoptimized|Win32.ActiveCfg = Arabic_Unoptimized|Win32
		{182C8E54-CA3F-4F9B-B220-7703EBB9AAAB}.Arabic_Unoptimized|Win32.Build.0 = Arabic_Unoptimized|Win32
		{182C8E54-CA3F-4F9B-B220-7703EBB9AAAB}.Bengali_Release|Win32.ActiveCfg = Bengali_Release|Win32
		{182C8E54-CA3F-4F9B-B220-7703EBB9AAAB}.Bengali_Release|Win32.Build.0 = Bengali_Release|Win32
		{182C8E54-CA3F-4F9B-B220-7703EBB9AAAB}.CA_Arabic_Debug|Win32.ActiveCfg = CA_Arabic_Debug|Win32
		{182C8E54-CA3F-4F9B-B220-7703EBB9AAAB}.CA_Arabic_Debug|Win32.Build.0 = CA_Arabic_Debug|Win32
		{182C8E54-CA3F-4F9B-B220-7703EBB9AAAB}.CA_Arabic_Release|Win32.ActiveCfg = CA_Arabic_Release|Win32
		{182C8E54-CA3F-4F9B-B220-7703EBB9AAAB}.CA_Arabic_Release|Win32.Build.0 = CA_Arabic_Release|Win32
		{182C8E54-CA3F-4F9B-B220-7703EBB9AAAB}.CA_Chinese_Debug|Win32.ActiveCfg = CA_Chinese_Debug|Win32
		{182C8E54-CA3F-4F9B-B220-7703EBB9AAAB}.CA_Chinese_Debug|Win32.Build.0 = CA_Chinese_Debug|Win32
		{182C8E54-CA3F-4F9B-B220-7703EBB9AAAB}.CA_Chinese_Release|Win32.ActiveCfg = CA_Chinese_Release|Win32
		{182C8E54-CA3F-4F9B-B220-7703EBB9AAAB}.CA_Chinese_Release|Win32.Build.0 = CA_Chinese_Release|Win32
		{182C8E54-CA3F-4F9B-B220-7703EBB9AAAB}.CA_Debug|Win32.ActiveCfg = CA_Arabic_Debug|Win32
		{182C8E54-CA3F-4F9B-B220-7703EBB9AAAB}.CA_Debug|Win32.Build.0 = CA_Arabic_Debug|Win32
		{182C8E54-CA3F-4F9B-B220-7703EBB9AAAB}.CA_English_Debug|Win32.ActiveCfg = CA_English_Debug|Win32
		{182C8E54-CA3F-4F9B-B220-7703EBB9AAAB}.CA_English_Debug|Win32.Build.0 = CA_English_Debug|Win32
		{182C8E54-CA3F-4F9B-B220-7703EBB9AAAB}.CA_English_Release|Win32.ActiveCfg = CA_English_Release|Win32
		{182C8E54-CA3F-4F9B-B220-7703EBB9AAAB}.CA_English_Release|Win32.Build.0 = CA_English_Release|Win32
		{182C8E54-CA3F-4F9B-B220-7703EBB9AAAB}.CA_Release|Win32.ActiveCfg = CA_Arabic_Debug|Win32
		{182C8E54-CA3F-4F9B-B220-7703EBB9AAAB}.CA_Release|Win32.Build.0 = CA_Arabic_Debug|Win32
		{182C8E54-CA3F-4F9B-B220-7703EBB9AAAB}.Chinese_Debug|Win32.ActiveCfg = Chinese_Debug|Win32
		{182C8E54-CA3F-4F9B-B220-7703EBB9AAAB}.Chinese_Debug|Win32.Build.0 = Chinese_Debug|Win32
		{182C8E54-CA3F-4F9B-B220-7703EBB9AAAB}.Chinese_Release|Win32.ActiveCfg = Chinese_Release|Win32
		{182C8E54-CA3F-4F9B-B220-7703EBB9AAAB}.Chinese_Release|Win32.Build.0 = Chinese_Release|Win32
		{182C8E54-CA3F-4F9B-B220-7703EBB9AAAB}.Debug_SingleThreaded|Win32.ActiveCfg = English_Debug_SingleThreaded|Win32
		{182C8E54-CA3F-4F9B-B220-7703EBB9AAAB}.Debug_SingleThreaded|Win32.Build.0 = English_Debug_SingleThreaded|Win32
		{182C8E54-CA3F-4F9B-B220-7703EBB9AAAB}.Debug|Win32.ActiveCfg = Arabic_Debug|Win32
		{182C8E54-CA3F-4F9B-B220-7703EBB9AAAB}.Debug|Win32.Build.0 = Arabic_Debug|Win32
		{182C8E54-CA3F-4F9B-B220-7703EBB9AAAB}.EMC_English_Debug|Win32.ActiveCfg = EMC_English_Debug|Win32
		{182C8E54-CA3F-4F9B-B220-7703EBB9AAAB}.EMC_English_Debug|Win32.Build.0 = EMC_English_Debug|Win32
		{182C8E54-CA3F-4F9B-B220-7703EBB9AAAB}.EMC_English_Release|Win32.ActiveCfg = EMC_English_Release|Win32
		{182C8E54-CA3F-4F9B-B220-7703EBB9AAAB}.EMC_English_Release|Win32.Build.0 = EMC_English_Release|Win32
		{182C8E54-CA3F-4F9B-B220-7703EBB9AAAB}.English_Debug_SingleThreaded|Win32.ActiveCfg = English_Debug_SingleThreaded|Win32
		{182C8E54-CA3F-4F9B-B220-7703EBB9AAAB}.English_Debug_SingleThreaded|Win32.Build.0 = English_Debug_SingleThreaded|Win32
		{182C8E54-CA3F-4F9B-B220-7703EBB9AAAB}.English_Debug|Win32.ActiveCfg = English_Debug|Win32
		{182C8E54-CA3F-4F9B-B220-7703EBB9AAAB}.English_Debug|Win32.Build.0 = English_Debug|Win32
		{182C8E54-CA3F-4F9B-B220-7703EBB9AAAB}.English_Release_SingleThreaded|Win32.ActiveCfg = English_Release_SingleThreaded|Win32
		{182C8E54-CA3F-4F9B-B220-7703EBB9AAAB}.English_Release_SingleThreaded|Win32.Build.0 = English_Release_SingleThreaded|Win32
		{182C8E54-CA3F-4F9B-B220-7703EBB9AAAB}.English_Release|Win32.ActiveCfg = English_Release|Win32
		{182C8E54-CA3F-4F9B-B220-7703EBB9AAAB}.English_Release|Win32.Build.0 = English_Release|Win32
		{182C8E54-CA3F-4F9B-B220-7703EBB9AAAB}.English_Unoptimized_SingleThreaded|Win32.ActiveCfg = English_Unoptimized_SingleThreaded|Win32
		{182C8E54-CA3F-4F9B-B220-7703EBB9AAAB}.English_Unoptimized_SingleThreaded|Win32.Build.0 = English_Unoptimized_SingleThreaded|Win32
		{182C8E54-CA3F-4F9B-B220-7703EBB9AAAB}.English_Unoptimized|Win32.ActiveCfg = English_Unoptimized|Win32
		{182C8E54-CA3F-4F9B-B220-7703EBB9AAAB}.English_Unoptimized|Win32.Build.0 = English_Unoptimized|Win32
		{182C8E54-CA3F-4F9B-B220-7703EBB9AAAB}.Hindi_Debug|Win32.ActiveCfg = Hindi_Debug|Win32
		{182C8E54-CA3F-4F9B-B220-7703EBB9AAAB}.Hindi_Debug|Win32.Build.0 = Hindi_Debug|Win32
		{182C8E54-CA3F-4F9B-B220-7703EBB9AAAB}.Hindi_Release|Win32.ActiveCfg = Hindi_Release|Win32
		{182C8E54-CA3F-4F9B-B220-7703EBB9AAAB}.Hindi_Release|Win32.Build.0 = Hindi_Release|Win32
		{182C8E54-CA3F-4F9B-B220-7703EBB9AAAB}.Korean_Debug|Win32.ActiveCfg = Korean_Debug|Win32
		{182C8E54-CA3F-4F9B-B220-7703EBB9AAAB}.Korean_Debug|Win32.Build.0 = Korean_Debug|Win32
		{182C8E54-CA3F-4F9B-B220-7703EBB9AAAB}.Korean_Release|Win32.ActiveCfg = Korean_Release|Win32
		{182C8E54-CA3F-4F9B-B220-7703EBB9AAAB}.Korean_Release|Win32.Build.0 = Korean_Release|Win32
		{182C8E54-CA3F-4F9B-B220-7703EBB9AAAB}.Release_SingleThreaded|Win32.ActiveCfg = English_Release_SingleThreaded|Win32
		{182C8E54-CA3F-4F9B-B220-7703EBB9AAAB}.Release_SingleThreaded|Win32.Build.0 = English_Release_SingleThreaded|Win32
		{182C8E54-CA3F-4F9B-B220-7703EBB9AAAB}.Release|Win32.ActiveCfg = English_Release|Win32
		{182C8E54-CA3F-4F9B-B220-7703EBB9AAAB}.Release|Win32.Build.0 = English_Release|Win32
		{182C8E54-CA3F-4F9B-B220-7703EBB9AAAB}.Thai_Debug|Win32.ActiveCfg = Thai_Debug|Win32
		{182C8E54-CA3F-4F9B-B220-7703EBB9AAAB}.Thai_Debug|Win32.Build.0 = Thai_Debug|Win32
		{182C8E54-CA3F-4F9B-B220-7703EBB9AAAB}.Thai_Release|Win32.ActiveCfg = Thai_Release|Win32
		{182C8E54-CA3F-4F9B-B220-7703EBB9AAAB}.Thai_Release|Win32.Build.0 = Thai_Release|Win32
		{182C8E54-CA3F-4F9B-B220-7703EBB9AAAB}.Unoptimized_SingleThreaded|Win32.ActiveCfg = English_Unoptimized_SingleThreaded|Win32
		{182C8E54-CA3F-4F9B-B220-7703EBB9AAAB}.Unoptimized_SingleThreaded|Win32.Build.0 = English_Unoptimized_SingleThreaded|Win32
		{182C8E54-CA3F-4F9B-B220-7703EBB9AAAB}.Unoptimized|Win32.ActiveCfg = Arabic_Unoptimized|Win32
		{182C8E54-CA3F-4F9B-B220-7703EBB9AAAB}.Unoptimized|Win32.Build.0 = Arabic_Unoptimized|Win32
		{182C8E54-CA3F-4F9B-B220-7703EBB9AAAB}.Unspecified_Language_Debug|Win32.ActiveCfg = Unspecified_Language_Debug|Win32
		{182C8E54-CA3F-4F9B-B220-7703EBB9AAAB}.Unspecified_Language_Debug|Win32.Build.0 = Unspecified_Language_Debug|Win32
		{182C8E54-CA3F-4F9B-B220-7703EBB9AAAB}.Unspecified_Language_Release|Win32.ActiveCfg = Unspecified_Language_Release|Win32
		{182C8E54-CA3F-4F9B-B220-7703EBB9AAAB}.Unspecified_Language_Release|Win32.Build.0 = Unspecified_Language_Release|Win32
		{F7AE7715-2FB7-4F8E-ABD6-10F27765437C}.Arabic_Debug|Win32.ActiveCfg = Debug|Win32
		{F7AE7715-2FB7-4F8E-ABD6-10F27765437C}.Arabic_Debug|Win32.Build.0 = Debug|Win32
		{F7AE7715-2FB7-4F8E-ABD6-10F27765437C}.Arabic_Release|Win32.ActiveCfg = Arabic_Release|Win32
		{F7AE7715-2FB7-4F8E-ABD6-10F27765437C}.Arabic_Release|Win32.Build.0 = Arabic_Release|Win32
		{F7AE7715-2FB7-4F8E-ABD6-10F27765437C}.Arabic_Unoptimized|Win32.ActiveCfg = Release|Win32
		{F7AE7715-2FB7-4F8E-ABD6-10F27765437C}.Arabic_Unoptimized|Win32.Build.0 = Release|Win32
		{F7AE7715-2FB7-4F8E-ABD6-10F27765437C}.Bengali_Release|Win32.ActiveCfg = Release|Win32
		{F7AE7715-2FB7-4F8E-ABD6-10F27765437C}.Bengali_Release|Win32.Build.0 = Release|Win32
		{F7AE7715-2FB7-4F8E-ABD6-10F27765437C}.CA_Arabic_Debug|Win32.ActiveCfg = Debug|Win32
		{F7AE7715-2FB7-4F8E-ABD6-10F27765437C}.CA_Arabic_Debug|Win32.Build.0 = Debug|Win32
		{F7AE7715-2FB7-4F8E-ABD6-10F27765437C}.CA_Arabic_Release|Win32.ActiveCfg = Arabic_Release|Win32
		{F7AE7715-2FB7-4F8E-ABD6-10F27765437C}.CA_Arabic_Release|Win32.Build.0 = Arabic_Release|Win32
		{F7AE7715-2FB7-4F8E-ABD6-10F27765437C}.CA_Chinese_Debug|Win32.ActiveCfg = Chinese_Debug|Win32
		{F7AE7715-2FB7-4F8E-ABD6-10F27765437C}.CA_Chinese_Debug|Win32.Build.0 = Chinese_Debug|Win32
		{F7AE7715-2FB7-4F8E-ABD6-10F27765437C}.CA_Chinese_Release|Win32.ActiveCfg = Chinese_Release|Win32
		{F7AE7715-2FB7-4F8E-ABD6-10F27765437C}.CA_Chinese_Release|Win32.Build.0 = Chinese_Release|Win32
		{F7AE7715-2FB7-4F8E-ABD6-10F27765437C}.CA_Debug|Win32.ActiveCfg = Debug|Win32
		{F7AE7715-2FB7-4F8E-ABD6-10F27765437C}.CA_Debug|Win32.Build.0 = Debug|Win32
		{F7AE7715-2FB7-4F8E-ABD6-10F27765437C}.CA_English_Debug|Win32.ActiveCfg = English_Debug|Win32
		{F7AE7715-2FB7-4F8E-ABD6-10F27765437C}.CA_English_Debug|Win32.Build.0 = English_Debug|Win32
		{F7AE7715-2FB7-4F8E-ABD6-10F27765437C}.CA_English_Release|Win32.ActiveCfg = English_Release|Win32
		{F7AE7715-2FB7-4F8E-ABD6-10F27765437C}.CA_English_Release|Win32.Build.0 = English_Release|Win32
		{F7AE7715-2FB7-4F8E-ABD6-10F27765437C}.CA_Release|Win32.ActiveCfg = Release|Win32
		{F7AE7715-2FB7-4F8E-ABD6-10F27765437C}.CA_Release|Win32.Build.0 = Release|Win32
		{F7AE7715-2FB7-4F8E-ABD6-10F27765437C}.Chinese_Debug|Win32.ActiveCfg = Debug|Win32
		{F7AE7715-2FB7-4F8E-ABD6-10F27765437C}.Chinese_Debug|Win32.Build.0 = Debug|Win32
		{F7AE7715-2FB7-4F8E-ABD6-10F27765437C}.Chinese_Release|Win32.ActiveCfg = Chinese_Release|Win32
		{F7AE7715-2FB7-4F8E-ABD6-10F27765437C}.Chinese_Release|Win32.Build.0 = Chinese_Release|Win32
		{F7AE7715-2FB7-4F8E-ABD6-10F27765437C}.Debug_SingleThreaded|Win32.ActiveCfg = Debug|Win32
		{F7AE7715-2FB7-4F8E-ABD6-10F27765437C}.Debug_SingleThreaded|Win32.Build.0 = Debug|Win32
		{F7AE7715-2FB7-4F8E-ABD6-10F27765437C}.Debug|Win32.ActiveCfg = Debug|Win32
		{F7AE7715-2FB7-4F8E-ABD6-10F27765437C}.Debug|Win32.Build.0 = Debug|Win32
		{F7AE7715-2FB7-4F8E-ABD6-10F27765437C}.EMC_English_Debug|Win32.ActiveCfg = English_Debug|Win32
		{F7AE7715-2FB7-4F8E-ABD6-10F27765437C}.EMC_English_Debug|Win32.Build.0 = English_Debug|Win32
		{F7AE7715-2FB7-4F8E-ABD6-10F27765437C}.EMC_English_Release|Win32.ActiveCfg = English_Release|Win32
		{F7AE7715-2FB7-4F8E-ABD6-10F27765437C}.EMC_English_Release|Win32.Build.0 = English_Release|Win32
		{F7AE7715-2FB7-4F8E-ABD6-10F27765437C}.English_Debug_SingleThreaded|Win32.ActiveCfg = English_Debug|Win32
		{F7AE7715-2FB7-4F8E-ABD6-10F27765437C}.English_Debug_SingleThreaded|Win32.Build.0 = English_Debug|Win32
		{F7AE7715-2FB7-4F8E-ABD6-10F27765437C}.English_Debug|Win32.ActiveCfg = English_Debug|Win32
		{F7AE7715-2FB7-4F8E-ABD6-10F27765437C}.English_Debug|Win32.Build.0 = English_Debug|Win32
		{F7AE7715-2FB7-4F8E-ABD6-10F27765437C}.English_Release_SingleThreaded|Win32.ActiveCfg = English_Release|Win32
		{F7AE7715-2FB7-4F8E-ABD6-10F27765437C}.English_Release_SingleThreaded|Win32.Build.0 = English_Release|Win32
		{F7AE7715-2FB7-4F8E-ABD6-10F27765437C}.English_Release|Win32.ActiveCfg = English_Release|Win32
		{F7AE7715-2FB7-4F8E-ABD6-10F27765437C}.English_Release|Win32.Build.0 = English_Release|Win32
		{F7AE7715-2FB7-4F8E-ABD6-10F27765437C}.English_Unoptimized_SingleThreaded|Win32.ActiveCfg = English_Debug|Win32
		{F7AE7715-2FB7-4F8E-ABD6-10F27765437C}.English_Unoptimized_SingleThreaded|Win32.Build.0 = English_Debug|Win32
		{F7AE7715-2FB7-4F8E-ABD6-10F27765437C}.English_Unoptimized|Win32.ActiveCfg = Release|Win32
		{F7AE7715-2FB7-4F8E-ABD6-10F27765437C}.English_Unoptimized|Win32.Build.0 = Release|Win32
		{F7AE7715-2FB7-4F8E-ABD6-10F27765437C}.Hindi_Debug|Win32.ActiveCfg = Debug|Win32
		{F7AE7715-2FB7-4F8E-ABD6-10F27765437C}.Hindi_Debug|Win32.Build.0 = Debug|Win32
		{F7AE7715-2FB7-4F8E-ABD6-10F27765437C}.Hindi_Release|Win32.ActiveCfg = Release|Win32
		{F7AE7715-2FB7-4F8E-ABD6-10F27765437C}.Hindi_Release|Win32.Build.0 = Release|Win32
		{F7AE7715-2FB7-4F8E-ABD6-10F27765437C}.Korean_Debug|Win32.ActiveCfg = Debug|Win32
		{F7AE7715-2FB7-4F8E-ABD6-10F27765437C}.Korean_Debug|Win32.Build.0 = Debug|Win32
		{F7AE7715-2FB7-4F8E-ABD6-10F27765437C}.Korean_Release|Win32.ActiveCfg = Release|Win32
		{F7AE7715-2FB7-4F8E-ABD6-10F27765437C}.Korean_Release|Win32.Build.0 = Release|Win32
		{F7AE7715-2FB7-4F8E-ABD6-10F27765437C}.Release_SingleThreaded|Win32.ActiveCfg = Release|Win32
		{F7AE7715-2FB7-4F8E-ABD6-10F27765437C}.Release_SingleThreaded|Win32.Build.0 = Release|Win32
		{F7AE7715-2FB7-4F8E-ABD6-10F27765437C}.Release|Win32.ActiveCfg = Release|Win32
		{F7AE7715-2FB7-4F8E-ABD6-10F27765437C}.Release|Win32.Build.0 = Release|Win32
		{F7AE7715-2FB7-4F8E-ABD6-10F27765437C}.Thai_Debug|Win32.ActiveCfg = Debug|Win32
		{F7AE7715-2FB7-4F8E-ABD6-10F27765437C}.Thai_Debug|Win32.Build.0 = Debug|Win32
		{F7AE7715-2FB7-4F8E-ABD6-10F27765437C}.Thai_Release|Win32.ActiveCfg = Release|Win32
		{F7AE7715-2FB7-4F8E-ABD6-10F27765437C}.Thai_Release|Win32.Build.0 = Release|Win32
		{F7AE7715-2FB7-4F8E-ABD6-10F27765437C}.Unoptimized_SingleThreaded|Win32.ActiveCfg = Chinese_Debug|Win32
		{F7AE7715-2FB7-4F8E-ABD6-10F27765437C}.Unoptimized_SingleThreaded|Win32.Build.0 = Chinese_Debug|Win32
		{F7AE7715-2FB7-4F8E-ABD6-10F27765437C}.Unoptimized|Win32.ActiveCfg = Release|Win32
		{F7AE7715-2FB7-4F8E-ABD6-10F27765437C}.Unoptimized|Win32.Build.0 = Release|Win32
		{F7AE7715-2FB7-4F8E-ABD6-10F27765437C}.Unspecified_Language_Debug|Win32.ActiveCfg = Debug|Win32
		{F7AE7715-2FB7-4F8E-ABD6-10F27765437C}.Unspecified_Language_Debug|Win32.Build.0 = Debug|Win32
		{F7AE7715-2FB7-4F8E-ABD6-10F27765437C}.Unspecified_Language_Release|Win32.ActiveCfg = Release|Win32
		{F7AE7715-2FB7-4F8E-ABD6-10F27765437C}.Unspecified_Language_Release|Win32.Build.0 = Release|Win32
		{0DB1B5B4-7BF2-4FE9-83D2-A464E3C6F88F}.Arabic_Debug|Win32.ActiveCfg = Debug|Win32
		{0DB1B5B4-7BF2-4FE9-83D2-A464E3C6F88F}.Arabic_Debug|Win32.Build.0 = Debug|Win32
		{0DB1B5B4-7BF2-4FE9-83D2-A464E3C6F88F}.Arabic_Release|Win32.ActiveCfg = Release|Win32
		{0DB1B5B4-7BF2-4FE9-83D2-A464E3C6F88F}.Arabic_Release|Win32.Build.0 = Release|Win32
		{0DB1B5B4-7BF2-4FE9-83D2-A464E3C6F88F}.Arabic_Unoptimized|Win32.ActiveCfg = Unoptimized|Win32
		{0DB1B5B4-7BF2-4FE9-83D2-A464E3C6F88F}.Arabic_Unoptimized|Win32.Build.0 = Unoptimized|Win32
		{0DB1B5B4-7BF2-4FE9-83D2-A464E3C6F88F}.Bengali_Release|Win32.ActiveCfg = Release|Win32
		{0DB1B5B4-7BF2-4FE9-83D2-A464E3C6F88F}.Bengali_Release|Win32.Build.0 = Release|Win32
		{0DB1B5B4-7BF2-4FE9-83D2-A464E3C6F88F}.CA_Arabic_Debug|Win32.ActiveCfg = Debug|Win32
		{0DB1B5B4-7BF2-4FE9-83D2-A464E3C6F88F}.CA_Arabic_Debug|Win32.Build.0 = Debug|Win32
		{0DB1B5B4-7BF2-4FE9-83D2-A464E3C6F88F}.CA_Arabic_Release|Win32.ActiveCfg = Release|Win32
		{0DB1B5B4-7BF2-4FE9-83D2-A464E3C6F88F}.CA_Arabic_Release|Win32.Build.0 = Release|Win32
		{0DB1B5B4-7BF2-4FE9-83D2-A464E3C6F88F}.CA_Chinese_Debug|Win32.ActiveCfg = Debug|Win32
		{0DB1B5B4-7BF2-4FE9-83D2-A464E3C6F88F}.CA_Chinese_Debug|Win32.Build.0 = Debug|Win32
		{0DB1B5B4-7BF2-4FE9-83D2-A464E3C6F88F}.CA_Chinese_Release|Win32.ActiveCfg = Release|Win32
		{0DB1B5B4-7BF2-4FE9-83D2-A464E3C6F88F}.CA_Chinese_Release|Win32.Build.0 = Release|Win32
		{0DB1B5B4-7BF2-4FE9-83D2-A464E3C6F88F}.CA_Debug|Win32.ActiveCfg = CA_Debug|Win32
		{0DB1B5B4-7BF2-4FE9-83D2-A464E3C6F88F}.CA_Debug|Win32.Build.0 = CA_Debug|Win32
		{0DB1B5B4-7BF2-4FE9-83D2-A464E3C6F88F}.CA_English_Debug|Win32.ActiveCfg = Debug|Win32
		{0DB1B5B4-7BF2-4FE9-83D2-A464E3C6F88F}.CA_English_Debug|Win32.Build.0 = Debug|Win32
		{0DB1B5B4-7BF2-4FE9-83D2-A464E3C6F88F}.CA_English_Release|Win32.ActiveCfg = Release|Win32
		{0DB1B5B4-7BF2-4FE9-83D2-A464E3C6F88F}.CA_English_Release|Win32.Build.0 = Release|Win32
		{0DB1B5B4-7BF2-4FE9-83D2-A464E3C6F88F}.CA_Release|Win32.ActiveCfg = CA_Release|Win32
		{0DB1B5B4-7BF2-4FE9-83D2-A464E3C6F88F}.CA_Release|Win32.Build.0 = CA_Release|Win32
		{0DB1B5B4-7BF2-4FE9-83D2-A464E3C6F88F}.Chinese_Debug|Win32.ActiveCfg = Debug|Win32
		{0DB1B5B4-7BF2-4FE9-83D2-A464E3C6F88F}.Chinese_Debug|Win32.Build.0 = Debug|Win32
		{0DB1B5B4-7BF2-4FE9-83D2-A464E3C6F88F}.Chinese_Release|Win32.ActiveCfg = Release|Win32
		{0DB1B5B4-7BF2-4FE9-83D2-A464E3C6F88F}.Debug_SingleThreaded|Win32.ActiveCfg = Debug|Win32
		{0DB1B5B4-7BF2-4FE9-83D2-A464E3C6F88F}.Debug_SingleThreaded|Win32.Build.0 = Debug|Win32
		{0DB1B5B4-7BF2-4FE9-83D2-A464E3C6F88F}.Debug|Win32.ActiveCfg = Debug|Win32
		{0DB1B5B4-7BF2-4FE9-83D2-A464E3C6F88F}.Debug|Win32.Build.0 = Debug|Win32
		{0DB1B5B4-7BF2-4FE9-83D2-A464E3C6F88F}.EMC_English_Debug|Win32.ActiveCfg = Debug|Win32
		{0DB1B5B4-7BF2-4FE9-83D2-A464E3C6F88F}.EMC_English_Debug|Win32.Build.0 = Debug|Win32
		{0DB1B5B4-7BF2-4FE9-83D2-A464E3C6F88F}.EMC_English_Release|Win32.ActiveCfg = Release|Win32
		{0DB1B5B4-7BF2-4FE9-83D2-A464E3C6F88F}.EMC_English_Release|Win32.Build.0 = Release|Win32
		{0DB1B5B4-7BF2-4FE9-83D2-A464E3C6F88F}.English_Debug_SingleThreaded|Win32.ActiveCfg = Debug|Win32
		{0DB1B5B4-7BF2-4FE9-83D2-A464E3C6F88F}.English_Debug_SingleThreaded|Win32.Build.0 = Debug|Win32
		{0DB1B5B4-7BF2-4FE9-83D2-A464E3C6F88F}.English_Debug|Win32.ActiveCfg = Debug|Win32
		{0DB1B5B4-7BF2-4FE9-83D2-A464E3C6F88F}.English_Debug|Win32.Build.0 = Debug|Win32
		{0DB1B5B4-7BF2-4FE9-83D2-A464E3C6F88F}.English_Release_SingleThreaded|Win32.ActiveCfg = Release|Win32
		{0DB1B5B4-7BF2-4FE9-83D2-A464E3C6F88F}.English_Release_SingleThreaded|Win32.Build.0 = Release|Win32
		{0DB1B5B4-7BF2-4FE9-83D2-A464E3C6F88F}.English_Release|Win32.ActiveCfg = Release|Win32
		{0DB1B5B4-7BF2-4FE9-83D2-A464E3C6F88F}.English_Unoptimized_SingleThreaded|Win32.ActiveCfg = Unoptimized|Win32
		{0DB1B5B4-7BF2-4FE9-83D2-A464E3C6F88F}.English_Unoptimized_SingleThreaded|Win32.Build.0 = Unoptimized|Win32
		{0DB1B5B4-7BF2-4FE9-83D2-A464E3C6F88F}.English_Unoptimized|Win32.ActiveCfg = Unoptimized|Win32
		{0DB1B5B4-7BF2-4FE9-83D2-A464E3C6F88F}.English_Unoptimized|Win32.Build.0 = Unoptimized|Win32
		{0DB1B5B4-7BF2-4FE9-83D2-A464E3C6F88F}.Hindi_Debug|Win32.ActiveCfg = Debug|Win32
		{0DB1B5B4-7BF2-4FE9-83D2-A464E3C6F88F}.Hindi_Debug|Win32.Build.0 = Debug|Win32
		{0DB1B5B4-7BF2-4FE9-83D2-A464E3C6F88F}.Hindi_Release|Win32.ActiveCfg = Release|Win32
		{0DB1B5B4-7BF2-4FE9-83D2-A464E3C6F88F}.Hindi_Release|Win32.Build.0 = Release|Win32
		{0DB1B5B4-7BF2-4FE9-83D2-A464E3C6F88F}.Korean_Debug|Win32.ActiveCfg = Debug|Win32
		{0DB1B5B4-7BF2-4FE9-83D2-A464E3C6F88F}.Korean_Debug|Win32.Build.0 = Debug|Win32
		{0DB1B5B4-7BF2-4FE9-83D2-A464E3C6F88F}.Korean_Release|Win32.ActiveCfg = Release|Win32
		{0DB1B5B4-7BF2-4FE9-83D2-A464E3C6F88F}.Korean_Release|Win32.Build.0 = Release|Win32
		{0DB1B5B4-7BF2-4FE9-83D2-A464E3C6F88F}.Release_SingleThreaded|Win32.ActiveCfg = Release|Win32
		{0DB1B5B4-7BF2-4FE9-83D2-A464E3C6F88F}.Release_SingleThreaded|Win32.Build.0 = Release|Win32
		{0DB1B5B4-7BF2-4FE9-83D2-A464E3C6F88F}.Release|Win32.ActiveCfg = Release|Win32
		{0DB1B5B4-7BF2-4FE9-83D2-A464E3C6F88F}.Release|Win32.Build.0 = Release|Win32
		{0DB1B5B4-7BF2-4FE9-83D2-A464E3C6F88F}.Thai_Debug|Win32.ActiveCfg = Debug|Win32
		{0DB1B5B4-7BF2-4FE9-83D2-A464E3C6F88F}.Thai_Debug|Win32.Build.0 = Debug|Win32
		{0DB1B5B4-7BF2-4FE9-83D2-A464E3C6F88F}.Thai_Release|Win32.ActiveCfg = Release|Win32
		{0DB1B5B4-7BF2-4FE9-83D2-A464E3C6F88F}.Thai_Release|Win32.Build.0 = Release|Win32
		{0DB1B5B4-7BF2-4FE9-83D2-A464E3C6F88F}.Unoptimized_SingleThreaded|Win32.ActiveCfg = Unoptimized|Win32
		{0DB1B5B4-7BF2-4FE9-83D2-A464E3C6F88F}.Unoptimized_SingleThreaded|Win32.Build.0 = Unoptimized|Win32
		{0DB1B5B4-7BF2-4FE9-83D2-A464E3C6F88F}.Unoptimized|Win32.ActiveCfg = Unoptimized|Win32
		{0DB1B5B4-7BF2-4FE9-83D2-A464E3C6F88F}.Unoptimized|Win32.Build.0 = Unoptimized|Win32
		{0DB1B5B4-7BF2-4FE9-83D2-A464E3C6F88F}.Unspecified_Language_Debug|Win32.ActiveCfg = Debug|Win32
		{0DB1B5B4-7BF2-4FE9-83D2-A464E3C6F88F}.Unspecified_Language_Debug|Win32.Build.0 = Debug|Win32
		{0DB1B5B4-7BF2-4FE9-83D2-A464E3C6F88F}.Unspecified_Language_Release|Win32.ActiveCfg = Release|Win32
		{0DB1B5B4-7BF2-4FE9-83D2-A464E3C6F88F}.Unspecified_Language_Release|Win32.Build.0 = Release|Win32
		{B91C4720-93C5-41ED-9F67-4D55F3A65417}.Arabic_Debug|Win32.ActiveCfg = Debug|Win32
		{B91C4720-93C5-41ED-9F67-4D55F3A65417}.Arabic_Debug|Win32.Build.0 = Debug|Win32
		{B91C4720-93C5-41ED-9F67-4D55F3A65417}.Arabic_Release|Win32.ActiveCfg = Release|Win32
		{B91C4720-93C5-41ED-9F67-4D55F3A65417}.Arabic_Unoptimized|Win32.ActiveCfg = Unoptimized|Win32
		{B91C4720-93C5-41ED-9F67-4D55F3A65417}.Arabic_Unoptimized|Win32.Build.0 = Unoptimized|Win32
		{B91C4720-93C5-41ED-9F67-4D55F3A65417}.Bengali_Release|Win32.ActiveCfg = Release|Win32
		{B91C4720-93C5-41ED-9F67-4D55F3A65417}.Bengali_Release|Win32.Build.0 = Release|Win32
		{B91C4720-93C5-41ED-9F67-4D55F3A65417}.CA_Arabic_Debug|Win32.ActiveCfg = Debug|Win32
		{B91C4720-93C5-41ED-9F67-4D55F3A65417}.CA_Arabic_Debug|Win32.Build.0 = Debug|Win32
		{B91C4720-93C5-41ED-9F67-4D55F3A65417}.CA_Arabic_Release|Win32.ActiveCfg = Release|Win32
		{B91C4720-93C5-41ED-9F67-4D55F3A65417}.CA_Arabic_Release|Win32.Build.0 = Release|Win32
		{B91C4720-93C5-41ED-9F67-4D55F3A65417}.CA_Chinese_Debug|Win32.ActiveCfg = Debug|Win32
		{B91C4720-93C5-41ED-9F67-4D55F3A65417}.CA_Chinese_Debug|Win32.Build.0 = Debug|Win32
		{B91C4720-93C5-41ED-9F67-4D55F3A65417}.CA_Chinese_Release|Win32.ActiveCfg = Release|Win32
		{B91C4720-93C5-41ED-9F67-4D55F3A65417}.CA_Chinese_Release|Win32.Build.0 = Release|Win32
		{B91C4720-93C5-41ED-9F67-4D55F3A65417}.CA_Debug|Win32.ActiveCfg = CA_Debug|Win32
		{B91C4720-93C5-41ED-9F67-4D55F3A65417}.CA_Debug|Win32.Build.0 = CA_Debug|Win32
		{B91C4720-93C5-41ED-9F67-4D55F3A65417}.CA_English_Debug|Win32.ActiveCfg = Debug|Win32
		{B91C4720-93C5-41ED-9F67-4D55F3A65417}.CA_English_Debug|Win32.Build.0 = Debug|Win32
		{B91C4720-93C5-41ED-9F67-4D55F3A65417}.CA_English_Release|Win32.ActiveCfg = Release|Win32
		{B91C4720-93C5-41ED-9F67-4D55F3A65417}.CA_English_Release|Win32.Build.0 = Release|Win32
		{B91C4720-93C5-41ED-9F67-4D55F3A65417}.CA_Release|Win32.ActiveCfg = CA_Release|Win32
		{B91C4720-93C5-41ED-9F67-4D55F3A65417}.CA_Release|Win32.Build.0 = CA_Release|Win32
		{B91C4720-93C5-41ED-9F67-4D55F3A65417}.Chinese_Debug|Win32.ActiveCfg = Debug|Win32
		{B91C4720-93C5-41ED-9F67-4D55F3A65417}.Chinese_Debug|Win32.Build.0 = Debug|Win32
		{B91C4720-93C5-41ED-9F67-4D55F3A65417}.Chinese_Release|Win32.ActiveCfg = Release|Win32
		{B91C4720-93C5-41ED-9F67-4D55F3A65417}.Debug_SingleThreaded|Win32.ActiveCfg = Debug_SingleThreaded|Win32
		{B91C4720-93C5-41ED-9F67-4D55F3A65417}.Debug_SingleThreaded|Win32.Build.0 = Debug_SingleThreaded|Win32
		{B91C4720-93C5-41ED-9F67-4D55F3A65417}.Debug|Win32.ActiveCfg = Debug|Win32
		{B91C4720-93C5-41ED-9F67-4D55F3A65417}.Debug|Win32.Build.0 = Debug|Win32
		{B91C4720-93C5-41ED-9F67-4D55F3A65417}.EMC_English_Debug|Win32.ActiveCfg = Debug|Win32
		{B91C4720-93C5-41ED-9F67-4D55F3A65417}.EMC_English_Debug|Win32.Build.0 = Debug|Win32
		{B91C4720-93C5-41ED-9F67-4D55F3A65417}.EMC_English_Release|Win32.ActiveCfg = Release|Win32
		{B91C4720-93C5-41ED-9F67-4D55F3A65417}.EMC_English_Release|Win32.Build.0 = Release|Win32
		{B91C4720-93C5-41ED-9F67-4D55F3A65417}.English_Debug_SingleThreaded|Win32.ActiveCfg = Debug_SingleThreaded|Win32
		{B91C4720-93C5-41ED-9F67-4D55F3A65417}.English_Debug_SingleThreaded|Win32.Build.0 = Debug_SingleThreaded|Win32
		{B91C4720-93C5-41ED-9F67-4D55F3A65417}.English_Debug|Win32.ActiveCfg = Debug|Win32
		{B91C4720-93C5-41ED-9F67-4D55F3A65417}.English_Debug|Win32.Build.0 = Debug|Win32
		{B91C4720-93C5-41ED-9F67-4D55F3A65417}.English_Release_SingleThreaded|Win32.ActiveCfg = Release_SingleThreaded|Win32
		{B91C4720-93C5-41ED-9F67-4D55F3A65417}.English_Release_SingleThreaded|Win32.Build.0 = Release_SingleThreaded|Win32
		{B91C4720-93C5-41ED-9F67-4D55F3A65417}.English_Release|Win32.ActiveCfg = Release|Win32
		{B91C4720-93C5-41ED-9F67-4D55F3A65417}.English_Release|Win32.Build.0 = Release|Win32
		{B91C4720-93C5-41ED-9F67-4D55F3A65417}.English_Unoptimized_SingleThreaded|Win32.ActiveCfg = Unoptimized_SingleThreaded|Win32
		{B91C4720-93C5-41ED-9F67-4D55F3A65417}.English_Unoptimized_SingleThreaded|Win32.Build.0 = Unoptimized_SingleThreaded|Win32
		{B91C4720-93C5-41ED-9F67-4D55F3A65417}.English_Unoptimized|Win32.ActiveCfg = Unoptimized|Win32
		{B91C4720-93C5-41ED-9F67-4D55F3A65417}.English_Unoptimized|Win32.Build.0 = Unoptimized|Win32
		{B91C4720-93C5-41ED-9F67-4D55F3A65417}.Hindi_Debug|Win32.ActiveCfg = Debug|Win32
		{B91C4720-93C5-41ED-9F67-4D55F3A65417}.Hindi_Debug|Win32.Build.0 = Debug|Win32
		{B91C4720-93C5-41ED-9F67-4D55F3A65417}.Hindi_Release|Win32.ActiveCfg = Release|Win32
		{B91C4720-93C5-41ED-9F67-4D55F3A65417}.Hindi_Release|Win32.Build.0 = Release|Win32
		{B91C4720-93C5-41ED-9F67-4D55F3A65417}.Korean_Debug|Win32.ActiveCfg = Debug|Win32
		{B91C4720-93C5-41ED-9F67-4D55F3A65417}.Korean_Debug|Win32.Build.0 = Debug|Win32
		{B91C4720-93C5-41ED-9F67-4D55F3A65417}.Korean_Release|Win32.ActiveCfg = Release|Win32
		{B91C4720-93C5-41ED-9F67-4D55F3A65417}.Korean_Release|Win32.Build.0 = Release|Win32
		{B91C4720-93C5-41ED-9F67-4D55F3A65417}.Release_SingleThreaded|Win32.ActiveCfg = Release_SingleThreaded|Win32
		{B91C4720-93C5-41ED-9F67-4D55F3A65417}.Release_SingleThreaded|Win32.Build.0 = Release_SingleThreaded|Win32
		{B91C4720-93C5-41ED-9F67-4D55F3A65417}.Release|Win32.ActiveCfg = Release|Win32
		{B91C4720-93C5-41ED-9F67-4D55F3A65417}.Release|Win32.Build.0 = Release|Win32
		{B91C4720-93C5-41ED-9F67-4D55F3A65417}.Thai_Debug|Win32.ActiveCfg = Debug|Win32
		{B91C4720-93C5-41ED-9F67-4D55F3A65417}.Thai_Debug|Win32.Build.0 = Debug|Win32
		{B91C4720-93C5-41ED-9F67-4D55F3A65417}.Thai_Release|Win32.ActiveCfg = Release|Win32
		{B91C4720-93C5-41ED-9F67-4D55F3A65417}.Thai_Release|Win32.Build.0 = Release|Win32
		{B91C4720-93C5-41ED-9F67-4D55F3A65417}.Unoptimized_SingleThreaded|Win32.ActiveCfg = Unoptimized_SingleThreaded|Win32
		{B91C4720-93C5-41ED-9F67-4D55F3A65417}.Unoptimized_SingleThreaded|Win32.Build.0 = Unoptimized_SingleThreaded|Win32
		{B91C4720-93C5-41ED-9F67-4D55F3A65417}.Unoptimized|Win32.ActiveCfg = Unoptimized|Win32
		{B91C4720-93C5-41ED-9F67-4D55F3A65417}.Unoptimized|Win32.Build.0 = Unoptimized|Win32
		{B91C4720-93C5-41ED-9F67-4D55F3A65417}.Unspecified_Language_Debug|Win32.ActiveCfg = Debug|Win32
		{B91C4720-93C5-41ED-9F67-4D55F3A65417}.Unspecified_Language_Debug|Win32.Build.0 = Debug|Win32
		{B91C4720-93C5-41ED-9F67-4D55F3A65417}.Unspecified_Language_Release|Win32.ActiveCfg = Release|Win32
		{B91C4720-93C5-41ED-9F67-4D55F3A65417}.Unspecified_Language_Release|Win32.Build.0 = Release|Win32
		{47C4B29D-BE93-48E2-AE96-67C79066C6C6}.Arabic_Debug|Win32.ActiveCfg = Debug|Win32
		{47C4B29D-BE93-48E2-AE96-67C79066C6C6}.Arabic_Debug|Win32.Build.0 = Debug|Win32
		{47C4B29D-BE93-48E2-AE96-67C79066C6C6}.Arabic_Release|Win32.ActiveCfg = Arabic_Release|Win32
		{47C4B29D-BE93-48E2-AE96-67C79066C6C6}.Arabic_Release|Win32.Build.0 = Arabic_Release|Win32
		{47C4B29D-BE93-48E2-AE96-67C79066C6C6}.Arabic_Unoptimized|Win32.ActiveCfg = Release|Win32
		{47C4B29D-BE93-48E2-AE96-67C79066C6C6}.Arabic_Unoptimized|Win32.Build.0 = Release|Win32
		{47C4B29D-BE93-48E2-AE96-67C79066C6C6}.Bengali_Release|Win32.ActiveCfg = Release|Win32
		{47C4B29D-BE93-48E2-AE96-67C79066C6C6}.Bengali_Release|Win32.Build.0 = Release|Win32
		{47C4B29D-BE93-48E2-AE96-67C79066C6C6}.CA_Arabic_Debug|Win32.ActiveCfg = Debug|Win32
		{47C4B29D-BE93-48E2-AE96-67C79066C6C6}.CA_Arabic_Debug|Win32.Build.0 = Debug|Win32
		{47C4B29D-BE93-48E2-AE96-67C79066C6C6}.CA_Arabic_Release|Win32.ActiveCfg = Arabic_Release|Win32
		{47C4B29D-BE93-48E2-AE96-67C79066C6C6}.CA_Arabic_Release|Win32.Build.0 = Arabic_Release|Win32
		{47C4B29D-BE93-48E2-AE96-67C79066C6C6}.CA_Chinese_Debug|Win32.ActiveCfg = Debug|Win32
		{47C4B29D-BE93-48E2-AE96-67C79066C6C6}.CA_Chinese_Debug|Win32.Build.0 = Debug|Win32
		{47C4B29D-BE93-48E2-AE96-67C79066C6C6}.CA_Chinese_Release|Win32.ActiveCfg = Release|Win32
		{47C4B29D-BE93-48E2-AE96-67C79066C6C6}.CA_Chinese_Release|Win32.Build.0 = Release|Win32
		{47C4B29D-BE93-48E2-AE96-67C79066C6C6}.CA_Debug|Win32.ActiveCfg = Debug|Win32
		{47C4B29D-BE93-48E2-AE96-67C79066C6C6}.CA_Debug|Win32.Build.0 = Debug|Win32
		{47C4B29D-BE93-48E2-AE96-67C79066C6C6}.CA_English_Debug|Win32.ActiveCfg = Debug|Win32
		{47C4B29D-BE93-48E2-AE96-67C79066C6C6}.CA_English_Debug|Win32.Build.0 = Debug|Win32
		{47C4B29D-BE93-48E2-AE96-67C79066C6C6}.CA_English_Release|Win32.ActiveCfg = English_Release|Win32
		{47C4B29D-BE93-48E2-AE96-67C79066C6C6}.CA_English_Release|Win32.Build.0 = English_Release|Win32
		{47C4B29D-BE93-48E2-AE96-67C79066C6C6}.CA_Release|Win32.ActiveCfg = Release|Win32
		{47C4B29D-BE93-48E2-AE96-67C79066C6C6}.CA_Release|Win32.Build.0 = Release|Win32
		{47C4B29D-BE93-48E2-AE96-67C79066C6C6}.Chinese_Debug|Win32.ActiveCfg = Debug|Win32
		{47C4B29D-BE93-48E2-AE96-67C79066C6C6}.Chinese_Debug|Win32.Build.0 = Debug|Win32
		{47C4B29D-BE93-48E2-AE96-67C79066C6C6}.Chinese_Release|Win32.ActiveCfg = Release|Win32
		{47C4B29D-BE93-48E2-AE96-67C79066C6C6}.Debug_SingleThreaded|Win32.ActiveCfg = Debug|Win32
		{47C4B29D-BE93-48E2-AE96-67C79066C6C6}.Debug_SingleThreaded|Win32.Build.0 = Debug|Win32
		{47C4B29D-BE93-48E2-AE96-67C79066C6C6}.Debug|Win32.ActiveCfg = Debug|Win32
		{47C4B29D-BE93-48E2-AE96-67C79066C6C6}.Debug|Win32.Build.0 = Debug|Win32
		{47C4B29D-BE93-48E2-AE96-67C79066C6C6}.EMC_English_Debug|Win32.ActiveCfg = Debug|Win32
		{47C4B29D-BE93-48E2-AE96-67C79066C6C6}.EMC_English_Debug|Win32.Build.0 = Debug|Win32
		{47C4B29D-BE93-48E2-AE96-67C79066C6C6}.EMC_English_Release|Win32.ActiveCfg = English_Release|Win32
		{47C4B29D-BE93-48E2-AE96-67C79066C6C6}.EMC_English_Release|Win32.Build.0 = English_Release|Win32
		{47C4B29D-BE93-48E2-AE96-67C79066C6C6}.English_Debug_SingleThreaded|Win32.ActiveCfg = English_Release|Win32
		{47C4B29D-BE93-48E2-AE96-67C79066C6C6}.English_Debug_SingleThreaded|Win32.Build.0 = English_Release|Win32
		{47C4B29D-BE93-48E2-AE96-67C79066C6C6}.English_Debug|Win32.ActiveCfg = Debug|Win32
		{47C4B29D-BE93-48E2-AE96-67C79066C6C6}.English_Debug|Win32.Build.0 = Debug|Win32
		{47C4B29D-BE93-48E2-AE96-67C79066C6C6}.English_Release_SingleThreaded|Win32.ActiveCfg = English_Release|Win32
		{47C4B29D-BE93-48E2-AE96-67C79066C6C6}.English_Release_SingleThreaded|Win32.Build.0 = English_Release|Win32
		{47C4B29D-BE93-48E2-AE96-67C79066C6C6}.English_Release|Win32.ActiveCfg = English_Release|Win32
		{47C4B29D-BE93-48E2-AE96-67C79066C6C6}.English_Release|Win32.Build.0 = English_Release|Win32
		{47C4B29D-BE93-48E2-AE96-67C79066C6C6}.English_Unoptimized_SingleThreaded|Win32.ActiveCfg = English_Release|Win32
		{47C4B29D-BE93-48E2-AE96-67C79066C6C6}.English_Unoptimized_SingleThreaded|Win32.Build.0 = English_Release|Win32
		{47C4B29D-BE93-48E2-AE96-67C79066C6C6}.English_Unoptimized|Win32.ActiveCfg = Release|Win32
		{47C4B29D-BE93-48E2-AE96-67C79066C6C6}.English_Unoptimized|Win32.Build.0 = Release|Win32
		{47C4B29D-BE93-48E2-AE96-67C79066C6C6}.Hindi_Debug|Win32.ActiveCfg = Debug|Win32
		{47C4B29D-BE93-48E2-AE96-67C79066C6C6}.Hindi_Debug|Win32.Build.0 = Debug|Win32
		{47C4B29D-BE93-48E2-AE96-67C79066C6C6}.Hindi_Release|Win32.ActiveCfg = Release|Win32
		{47C4B29D-BE93-48E2-AE96-67C79066C6C6}.Hindi_Release|Win32.Build.0 = Release|Win32
		{47C4B29D-BE93-48E2-AE96-67C79066C6C6}.Korean_Debug|Win32.ActiveCfg = Debug|Win32
		{47C4B29D-BE93-48E2-AE96-67C79066C6C6}.Korean_Debug|Win32.Build.0 = Debug|Win32
		{47C4B29D-BE93-48E2-AE96-67C79066C6C6}.Korean_Release|Win32.ActiveCfg = Release|Win32
		{47C4B29D-BE93-48E2-AE96-67C79066C6C6}.Korean_Release|Win32.Build.0 = Release|Win32
		{47C4B29D-BE93-48E2-AE96-67C79066C6C6}.Release_SingleThreaded|Win32.ActiveCfg = Release|Win32
		{47C4B29D-BE93-48E2-AE96-67C79066C6C6}.Release_SingleThreaded|Win32.Build.0 = Release|Win32
		{47C4B29D-BE93-48E2-AE96-67C79066C6C6}.Release|Win32.ActiveCfg = Release|Win32
		{47C4B29D-BE93-48E2-AE96-67C79066C6C6}.Release|Win32.Build.0 = Release|Win32
		{47C4B29D-BE93-48E2-AE96-67C79066C6C6}.Thai_Debug|Win32.ActiveCfg = Debug|Win32
		{47C4B29D-BE93-48E2-AE96-67C79066C6C6}.Thai_Debug|Win32.Build.0 = Debug|Win32
		{47C4B29D-BE93-48E2-AE96-67C79066C6C6}.Thai_Release|Win32.ActiveCfg = Release|Win32
		{47C4B29D-BE93-48E2-AE96-67C79066C6C6}.Thai_Release|Win32.Build.0 = Release|Win32
		{47C4B29D-BE93-48E2-AE96-67C79066C6C6}.Unoptimized_SingleThreaded|Win32.ActiveCfg = English_Release|Win32
		{47C4B29D-BE93-48E2-AE96-67C79066C6C6}.Unoptimized_SingleThreaded|Win32.Build.0 = English_Release|Win32
		{47C4B29D-BE93-48E2-AE96-67C79066C6C6}.Unoptimized|Win32.ActiveCfg = Release|Win32
		{47C4B29D-BE93-48E2-AE96-67C79066C6C6}.Unoptimized|Win32.Build.0 = Release|Win32
		{47C4B29D-BE93-48E2-AE96-67C79066C6C6}.Unspecified_Language_Debug|Win32.ActiveCfg = Debug|Win32
		{47C4B29D-BE93-48E2-AE96-67C79066C6C6}.Unspecified_Language_Debug|Win32.Build.0 = Debug|Win32
		{47C4B29D-BE93-48E2-AE96-67C79066C6C6}.Unspecified_Language_Release|Win32.ActiveCfg = Release|Win32
		{47C4B29D-BE93-48E2-AE96-67C79066C6C6}.Unspecified_Language_Release|Win32.Build.0 = Release|Win32
		{97303760-F2B7-4625-AC8E-34A5395DBB79}.Arabic_Debug|Win32.ActiveCfg = Debug|Win32
		{97303760-F2B7-4625-AC8E-34A5395DBB79}.Arabic_Debug|Win32.Build.0 = Debug|Win32
		{97303760-F2B7-4625-AC8E-34A5395DBB79}.Arabic_Release|Win32.ActiveCfg = Release|Win32
		{97303760-F2B7-4625-AC8E-34A5395DBB79}.Arabic_Unoptimized|Win32.ActiveCfg = CA_Release|Win32
		{97303760-F2B7-4625-AC8E-34A5395DBB79}.Arabic_Unoptimized|Win32.Build.0 = CA_Release|Win32
		{97303760-F2B7-4625-AC8E-34A5395DBB79}.Bengali_Release|Win32.ActiveCfg = Release|Win32
		{97303760-F2B7-4625-AC8E-34A5395DBB79}.Bengali_Release|Win32.Build.0 = Release|Win32
		{97303760-F2B7-4625-AC8E-34A5395DBB79}.CA_Arabic_Debug|Win32.ActiveCfg = Debug|Win32
		{97303760-F2B7-4625-AC8E-34A5395DBB79}.CA_Arabic_Debug|Win32.Build.0 = Debug|Win32
		{97303760-F2B7-4625-AC8E-34A5395DBB79}.CA_Arabic_Release|Win32.ActiveCfg = Release|Win32
		{97303760-F2B7-4625-AC8E-34A5395DBB79}.CA_Arabic_Release|Win32.Build.0 = Release|Win32
		{97303760-F2B7-4625-AC8E-34A5395DBB79}.CA_Chinese_Debug|Win32.ActiveCfg = Debug|Win32
		{97303760-F2B7-4625-AC8E-34A5395DBB79}.CA_Chinese_Debug|Win32.Build.0 = Debug|Win32
		{97303760-F2B7-4625-AC8E-34A5395DBB79}.CA_Chinese_Release|Win32.ActiveCfg = Release|Win32
		{97303760-F2B7-4625-AC8E-34A5395DBB79}.CA_Chinese_Release|Win32.Build.0 = Release|Win32
		{97303760-F2B7-4625-AC8E-34A5395DBB79}.CA_Debug|Win32.ActiveCfg = CA_Debug|Win32
		{97303760-F2B7-4625-AC8E-34A5395DBB79}.CA_Debug|Win32.Build.0 = CA_Debug|Win32
		{97303760-F2B7-4625-AC8E-34A5395DBB79}.CA_English_Debug|Win32.ActiveCfg = Debug|Win32
		{97303760-F2B7-4625-AC8E-34A5395DBB79}.CA_English_Debug|Win32.Build.0 = Debug|Win32
		{97303760-F2B7-4625-AC8E-34A5395DBB79}.CA_English_Release|Win32.ActiveCfg = Release|Win32
		{97303760-F2B7-4625-AC8E-34A5395DBB79}.CA_English_Release|Win32.Build.0 = Release|Win32
		{97303760-F2B7-4625-AC8E-34A5395DBB79}.CA_Release|Win32.ActiveCfg = CA_Release|Win32
		{97303760-F2B7-4625-AC8E-34A5395DBB79}.CA_Release|Win32.Build.0 = CA_Release|Win32
		{97303760-F2B7-4625-AC8E-34A5395DBB79}.Chinese_Debug|Win32.ActiveCfg = Debug|Win32
		{97303760-F2B7-4625-AC8E-34A5395DBB79}.Chinese_Debug|Win32.Build.0 = Debug|Win32
		{97303760-F2B7-4625-AC8E-34A5395DBB79}.Chinese_Release|Win32.ActiveCfg = Release|Win32
		{97303760-F2B7-4625-AC8E-34A5395DBB79}.Chinese_Release|Win32.Build.0 = Release|Win32
		{97303760-F2B7-4625-AC8E-34A5395DBB79}.Debug_SingleThreaded|Win32.ActiveCfg = Debug|Win32
		{97303760-F2B7-4625-AC8E-34A5395DBB79}.Debug_SingleThreaded|Win32.Build.0 = Debug|Win32
		{97303760-F2B7-4625-AC8E-34A5395DBB79}.Debug|Win32.ActiveCfg = Debug|Win32
		{97303760-F2B7-4625-AC8E-34A5395DBB79}.Debug|Win32.Build.0 = Debug|Win32
		{97303760-F2B7-4625-AC8E-34A5395DBB79}.EMC_English_Debug|Win32.ActiveCfg = Debug|Win32
		{97303760-F2B7-4625-AC8E-34A5395DBB79}.EMC_English_Debug|Win32.Build.0 = Debug|Win32
		{97303760-F2B7-4625-AC8E-34A5395DBB79}.EMC_English_Release|Win32.ActiveCfg = Release|Win32
		{97303760-F2B7-4625-AC8E-34A5395DBB79}.EMC_English_Release|Win32.Build.0 = Release|Win32
		{97303760-F2B7-4625-AC8E-34A5395DBB79}.English_Debug_SingleThreaded|Win32.ActiveCfg = Debug|Win32
		{97303760-F2B7-4625-AC8E-34A5395DBB79}.English_Debug_SingleThreaded|Win32.Build.0 = Debug|Win32
		{97303760-F2B7-4625-AC8E-34A5395DBB79}.English_Debug|Win32.ActiveCfg = Debug|Win32
		{97303760-F2B7-4625-AC8E-34A5395DBB79}.English_Debug|Win32.Build.0 = Debug|Win32
		{97303760-F2B7-4625-AC8E-34A5395DBB79}.English_Release_SingleThreaded|Win32.ActiveCfg = Release|Win32
		{97303760-F2B7-4625-AC8E-34A5395DBB79}.English_Release_SingleThreaded|Win32.Build.0 = Release|Win32
		{97303760-F2B7-4625-AC8E-34A5395DBB79}.English_Release|Win32.ActiveCfg = Release|Win32
		{97303760-F2B7-4625-AC8E-34A5395DBB79}.English_Release|Win32.Build.0 = Release|Win32
		{97303760-F2B7-4625-AC8E-34A5395DBB79}.English_Unoptimized_SingleThreaded|Win32.ActiveCfg = CA_Release|Win32
		{97303760-F2B7-4625-AC8E-34A5395DBB79}.English_Unoptimized_SingleThreaded|Win32.Build.0 = CA_Release|Win32
		{97303760-F2B7-4625-AC8E-34A5395DBB79}.English_Unoptimized|Win32.ActiveCfg = CA_Release|Win32
		{97303760-F2B7-4625-AC8E-34A5395DBB79}.English_Unoptimized|Win32.Build.0 = CA_Release|Win32
		{97303760-F2B7-4625-AC8E-34A5395DBB79}.Hindi_Debug|Win32.ActiveCfg = Debug|Win32
		{97303760-F2B7-4625-AC8E-34A5395DBB79}.Hindi_Debug|Win32.Build.0 = Debug|Win32
		{97303760-F2B7-4625-AC8E-34A5395DBB79}.Hindi_Release|Win32.ActiveCfg = Release|Win32
		{97303760-F2B7-4625-AC8E-34A5395DBB79}.Hindi_Release|Win32.Build.0 = Release|Win32
		{97303760-F2B7-4625-AC8E-34A5395DBB79}.Korean_Debug|Win32.ActiveCfg = Debug|Win32
		{97303760-F2B7-4625-AC8E-34A5395DBB79}.Korean_Debug|Win32.Build.0 = Debug|Win32
		{97303760-F2B7-4625-AC8E-34A5395DBB79}.Korean_Release|Win32.ActiveCfg = Release|Win32
		{97303760-F2B7-4625-AC8E-34A5395DBB79}.Korean_Release|Win32.Build.0 = Release|Win32
		{97303760-F2B7-4625-AC8E-34A5395DBB79}.Release_SingleThreaded|Win32.ActiveCfg = Release|Win32
		{97303760-F2B7-4625-AC8E-34A5395DBB79}.Release_SingleThreaded|Win32.Build.0 = Release|Win32
		{97303760-F2B7-4625-AC8E-34A5395DBB79}.Release|Win32.ActiveCfg = Release|Win32
		{97303760-F2B7-4625-AC8E-34A5395DBB79}.Release|Win32.Build.0 = Release|Win32
		{97303760-F2B7-4625-AC8E-34A5395DBB79}.Thai_Debug|Win32.ActiveCfg = Debug|Win32
		{97303760-F2B7-4625-AC8E-34A5395DBB79}.Thai_Debug|Win32.Build.0 = Debug|Win32
		{97303760-F2B7-4625-AC8E-34A5395DBB79}.Thai_Release|Win32.ActiveCfg = Release|Win32
		{97303760-F2B7-4625-AC8E-34A5395DBB79}.Thai_Release|Win32.Build.0 = Release|Win32
		{97303760-F2B7-4625-AC8E-34A5395DBB79}.Unoptimized_SingleThreaded|Win32.ActiveCfg = CA_Release|Win32
		{97303760-F2B7-4625-AC8E-34A5395DBB79}.Unoptimized_SingleThreaded|Win32.Build.0 = CA_Release|Win32
		{97303760-F2B7-4625-AC8E-34A5395DBB79}.Unoptimized|Win32.ActiveCfg = CA_Release|Win32
		{97303760-F2B7-4625-AC8E-34A5395DBB79}.Unoptimized|Win32.Build.0 = CA_Release|Win32
		{97303760-F2B7-4625-AC8E-34A5395DBB79}.Unspecified_Language_Debug|Win32.ActiveCfg = Debug|Win32
		{97303760-F2B7-4625-AC8E-34A5395DBB79}.Unspecified_Language_Debug|Win32.Build.0 = Debug|Win32
		{97303760-F2B7-4625-AC8E-34A5395DBB79}.Unspecified_Language_Release|Win32.ActiveCfg = Release|Win32
		{97303760-F2B7-4625-AC8E-34A5395DBB79}.Unspecified_Language_Release|Win32.Build.0 = Release|Win32
	EndGlobalSection
	GlobalSection(SolutionProperties) = preSolution
		HideSolutionNode = FALSE
	EndGlobalSection
EndGlobal
